PODS:
  - Alamofire (4.0.1)
  - AlamofireImage (3.0.0):
    - Alamofire (~> 4.0)
  - DKImagePickerController (3.3.4):
    - DKImagePickerController/Camera (= 3.3.4)
    - DKImagePickerController/ImageManager (= 3.3.4)
  - DKImagePickerController/Camera (3.3.4)
  - DKImagePickerController/ImageManager (3.3.4)
  - EZLoadingActivity (0.9)
  - GrowingTextView (0.2.0)
  - HUIPatternLockView-Swift (1.0.2)
  - ReachabilitySwift (3)
  - SwiftQRCode (2.0.2)
  - TagListView (1.0.1)

DEPENDENCIES:
  - Alamofire
  - AlamofireImage
  - DKImagePickerController
  - EZLoadingActivity (~> 0.8)
  - GrowingTextView
  - HUIPatternLockView-Swift
  - ReachabilitySwift
  - SwiftQRCode
  - TagListView (~> 1.0.0)

SPEC CHECKSUMS:
  Alamofire: 7682d43245de14874acd142ec137b144aa1dd335
  AlamofireImage: 6594aa1139a67dcd36cde6da79ea4e5b318e60fb
  DKImagePickerController: 4de1703ad3ba8bc216753447cbb00e482d8d4604
  EZLoadingActivity: 7ebb84c1f2510a62d2bc0a17cc9d75634f92606d
  GrowingTextView: 048c6ef8da6adfa89f010a9f11d5be6f569c75d7
  HUIPatternLockView-Swift: 6ce93391b40b7f0088c483be50214835cf7d58aa
  ReachabilitySwift: f5b9bb30a0777fac8f09ce8b067e32faeb29bb64
  SwiftQRCode: 68e920781686e376d70646b90c8ad87fd6523309
  TagListView: cd871de4ab3ae4c4c67a2e67f6503ea6fc55c2a6

PODFILE CHECKSUM: 03e2800b548612fdac0cae637095e8322aa760d5

COCOAPODS: 1.1.0.beta.2
