// !$*UTF8*$!
{
	archiveVersion = 1;
	classes = {
	};
	objectVersion = 46;
	objects = {

/* Begin PBXBuildFile section */
		100160311C8D69290095D023 /* CheckInReq.swift in Sources */ = {isa = PBXBuildFile; fileRef = 100160301C8D69290095D023 /* CheckInReq.swift */; };
		100160331C8D884D0095D023 /* MeViewController.swift in Sources */ = {isa = PBXBuildFile; fileRef = 100160321C8D884D0095D023 /* MeViewController.swift */; };
		100160351C8DB93E0095D023 /* QRCodeDownloadViewController.swift in Sources */ = {isa = PBXBuildFile; fileRef = 100160341C8DB93E0095D023 /* QRCodeDownloadViewController.swift */; };
		100160371C8E5B7B0095D023 /* QRDownloadCell.swift in Sources */ = {isa = PBXBuildFile; fileRef = 100160361C8E5B7B0095D023 /* QRDownloadCell.swift */; };
		100691AE1C929CA7000AEFEA /* ManageEditActivityEditDelegate.swift in Sources */ = {isa = PBXBuildFile; fileRef = 100691AD1C929CA7000AEFEA /* ManageEditActivityEditDelegate.swift */; };
		100691B01C929DA6000AEFEA /* EditActivityReq.swift in Sources */ = {isa = PBXBuildFile; fileRef = 100691AF1C929DA6000AEFEA /* EditActivityReq.swift */; };
		100691B31C930308000AEFEA /* VariableDetailViewController.swift in Sources */ = {isa = PBXBuildFile; fileRef = 100691B21C930308000AEFEA /* VariableDetailViewController.swift */; };
		100691B51C93B978000AEFEA /* SimpleImageCell.swift in Sources */ = {isa = PBXBuildFile; fileRef = 100691B41C93B978000AEFEA /* SimpleImageCell.swift */; };
		100691B71C93B9F0000AEFEA /* CollectionViewCell.swift in Sources */ = {isa = PBXBuildFile; fileRef = 100691B61C93B9F0000AEFEA /* CollectionViewCell.swift */; };
		100691C01C93C92F000AEFEA /* UIImageView+webImage.swift in Sources */ = {isa = PBXBuildFile; fileRef = 100691BF1C93C92F000AEFEA /* UIImageView+webImage.swift */; };
		100691C91C969C32000AEFEA /* UploadPhotoReq.swift in Sources */ = {isa = PBXBuildFile; fileRef = 100691C81C969C32000AEFEA /* UploadPhotoReq.swift */; };
		100691CB1C96AB35000AEFEA /* AddVariableReq.swift in Sources */ = {isa = PBXBuildFile; fileRef = 100691CA1C96AB35000AEFEA /* AddVariableReq.swift */; };
		100B202E1C88786700435EF0 /* UIViewController+Keyboard.swift in Sources */ = {isa = PBXBuildFile; fileRef = 100B202D1C88786700435EF0 /* UIViewController+Keyboard.swift */; };
		100B20301C887C1000435EF0 /* TypeSelectView.swift in Sources */ = {isa = PBXBuildFile; fileRef = 100B202F1C887C1000435EF0 /* TypeSelectView.swift */; };
		100B20321C887C2600435EF0 /* TypeSelectView.xib in Resources */ = {isa = PBXBuildFile; fileRef = 100B20311C887C2600435EF0 /* TypeSelectView.xib */; };
		100B20341C8881EF00435EF0 /* GetActivityTypesReq.swift in Sources */ = {isa = PBXBuildFile; fileRef = 100B20331C8881EF00435EF0 /* GetActivityTypesReq.swift */; };
		100B20361C8883A700435EF0 /* PCSTypeInfo.swift in Sources */ = {isa = PBXBuildFile; fileRef = 100B20351C8883A700435EF0 /* PCSTypeInfo.swift */; };
		100B20381C88923600435EF0 /* GroupViewController.swift in Sources */ = {isa = PBXBuildFile; fileRef = 100B20371C88923600435EF0 /* GroupViewController.swift */; };
		100B203A1C8894CA00435EF0 /* Group.swift in Sources */ = {isa = PBXBuildFile; fileRef = 100B20391C8894CA00435EF0 /* Group.swift */; };
		100B203C1C88968900435EF0 /* GetGroupReq.swift in Sources */ = {isa = PBXBuildFile; fileRef = 100B203B1C88968900435EF0 /* GetGroupReq.swift */; };
		100B203E1C89222F00435EF0 /* PersonListViewController.swift in Sources */ = {isa = PBXBuildFile; fileRef = 100B203D1C89222F00435EF0 /* PersonListViewController.swift */; };
		100B20401C895FC600435EF0 /* GetPersonListReq.swift in Sources */ = {isa = PBXBuildFile; fileRef = 100B203F1C895FC600435EF0 /* GetPersonListReq.swift */; };
		100EA8841CA819CE00C5FA59 /* GetUrlReq.swift in Sources */ = {isa = PBXBuildFile; fileRef = 100EA8831CA819CE00C5FA59 /* GetUrlReq.swift */; };
		103261161CAA80C50075BBA8 /* CFNetwork.framework in Frameworks */ = {isa = PBXBuildFile; fileRef = 103261151CAA80C50075BBA8 /* CFNetwork.framework */; };
		103261181CAA80E50075BBA8 /* CoreFoundation.framework in Frameworks */ = {isa = PBXBuildFile; fileRef = 103261171CAA80E50075BBA8 /* CoreFoundation.framework */; };
		1032611A1CAA80EF0075BBA8 /* CoreTelephony.framework in Frameworks */ = {isa = PBXBuildFile; fileRef = 103261191CAA80EF0075BBA8 /* CoreTelephony.framework */; };
		1032611C1CAA80F80075BBA8 /* SystemConfiguration.framework in Frameworks */ = {isa = PBXBuildFile; fileRef = 1032611B1CAA80F80075BBA8 /* SystemConfiguration.framework */; };
		1032611E1CAA81010075BBA8 /* CoreGraphics.framework in Frameworks */ = {isa = PBXBuildFile; fileRef = 1032611D1CAA81010075BBA8 /* CoreGraphics.framework */; };
		103261201CAA810A0075BBA8 /* Security.framework in Frameworks */ = {isa = PBXBuildFile; fileRef = 1032611F1CAA810A0075BBA8 /* Security.framework */; };
		103261221CAA81100075BBA8 /* libz.tbd in Frameworks */ = {isa = PBXBuildFile; fileRef = 103261211CAA81100075BBA8 /* libz.tbd */; };
		103A9D2C1CA0F09C003576C3 /* GetVariableDetailReq.swift in Sources */ = {isa = PBXBuildFile; fileRef = 103A9D2B1CA0F09C003576C3 /* GetVariableDetailReq.swift */; };
		1042329B1C8E61F400809859 /* ChangePasswordViewController.swift in Sources */ = {isa = PBXBuildFile; fileRef = 1042329A1C8E61F400809859 /* ChangePasswordViewController.swift */; };
		104564C81CA22C530031FFCA /* GuideViewController.swift in Sources */ = {isa = PBXBuildFile; fileRef = 104564C71CA22C530031FFCA /* GuideViewController.swift */; };
		10496F371C76012F0074CFC1 /* SignInReq.swift in Sources */ = {isa = PBXBuildFile; fileRef = 10496F361C76012F0074CFC1 /* SignInReq.swift */; };
		10496F391C76140C0074CFC1 /* PCSCustomUtil.swift in Sources */ = {isa = PBXBuildFile; fileRef = 10496F381C76140C0074CFC1 /* PCSCustomUtil.swift */; };
		105242901C9CF909005A55DC /* GetActivityDetaildReq.swift in Sources */ = {isa = PBXBuildFile; fileRef = 1052428F1C9CF909005A55DC /* GetActivityDetaildReq.swift */; };
		105242921C9CFEF2005A55DC /* GetActivityPersonsReq.swift in Sources */ = {isa = PBXBuildFile; fileRef = 105242911C9CFEF2005A55DC /* GetActivityPersonsReq.swift */; };
		105C198F1C994DC700103B38 /* GetCongressInfoReq.swift in Sources */ = {isa = PBXBuildFile; fileRef = 105C198E1C994DC700103B38 /* GetCongressInfoReq.swift */; };
		105C19911C9A3E4A00103B38 /* EditVariableReq.swift in Sources */ = {isa = PBXBuildFile; fileRef = 105C19901C9A3E4A00103B38 /* EditVariableReq.swift */; };
		106C64C91C83511400E6CD95 /* PCSProtocols.swift in Sources */ = {isa = PBXBuildFile; fileRef = 106C64C81C83511400E6CD95 /* PCSProtocols.swift */; };
		106C64CB1C83522800E6CD95 /* WorkerHomeActionDelegate.swift in Sources */ = {isa = PBXBuildFile; fileRef = 106C64CA1C83522800E6CD95 /* WorkerHomeActionDelegate.swift */; };
		106C64CD1C84070A00E6CD95 /* PCSDefines.swift in Sources */ = {isa = PBXBuildFile; fileRef = 106C64CC1C84070A00E6CD95 /* PCSDefines.swift */; };
		106E0E211CA55F7F004C48C0 /* GetActivityNotifyCountReq.swift in Sources */ = {isa = PBXBuildFile; fileRef = 106E0E201CA55F7F004C48C0 /* GetActivityNotifyCountReq.swift */; };
		1072E08C1C8F1BF1004DBA4D /* ChangeGestureViewController.swift in Sources */ = {isa = PBXBuildFile; fileRef = 1072E08B1C8F1BF1004DBA4D /* ChangeGestureViewController.swift */; };
		107505581C9021A300C9589E /* ResetPasswordReq.swift in Sources */ = {isa = PBXBuildFile; fileRef = 107505571C9021A300C9589E /* ResetPasswordReq.swift */; };
		1075055A1C90255F00C9589E /* NormalImageTableCell.xib in Resources */ = {isa = PBXBuildFile; fileRef = 107505591C90255F00C9589E /* NormalImageTableCell.xib */; };
		1075055C1C90576C00C9589E /* UIViewController+PreloadHtml.swift in Sources */ = {isa = PBXBuildFile; fileRef = 1075055B1C90576C00C9589E /* UIViewController+PreloadHtml.swift */; };
		1075055E1C9057B700C9589E /* UIWebView+HtmlInteract.swift in Sources */ = {isa = PBXBuildFile; fileRef = 1075055D1C9057B700C9589E /* UIWebView+HtmlInteract.swift */; };
		107505611C905FB700C9589E /* CommonHTMLViewController.swift in Sources */ = {isa = PBXBuildFile; fileRef = 107505601C905FB700C9589E /* CommonHTMLViewController.swift */; };
		107505631C906D0200C9589E /* SituationViewController.swift in Sources */ = {isa = PBXBuildFile; fileRef = 107505621C906D0200C9589E /* SituationViewController.swift */; };
		1075056D1C9115C700C9589E /* NormalImageCell.xib in Resources */ = {isa = PBXBuildFile; fileRef = 1075056C1C9115C700C9589E /* NormalImageCell.xib */; };
		1075056F1C91445700C9589E /* CongressHomeActionDelegate.swift in Sources */ = {isa = PBXBuildFile; fileRef = 1075056E1C91445700C9589E /* CongressHomeActionDelegate.swift */; };
		107505711C914E8A00C9589E /* RecordCell.swift in Sources */ = {isa = PBXBuildFile; fileRef = 107505701C914E8A00C9589E /* RecordCell.swift */; };
		107505731C91570F00C9589E /* GetVariablesReq.swift in Sources */ = {isa = PBXBuildFile; fileRef = 107505721C91570F00C9589E /* GetVariablesReq.swift */; };
		107505751C915C9E00C9589E /* Variable.swift in Sources */ = {isa = PBXBuildFile; fileRef = 107505741C915C9E00C9589E /* Variable.swift */; };
		108496191CB3ABCF00B7BA03 /* VariableEntity+CoreDataProperties.swift in Sources */ = {isa = PBXBuildFile; fileRef = 108496171CB3ABCF00B7BA03 /* VariableEntity+CoreDataProperties.swift */; };
		1084961A1CB3ABCF00B7BA03 /* VariableEntity.swift in Sources */ = {isa = PBXBuildFile; fileRef = 108496181CB3ABCF00B7BA03 /* VariableEntity.swift */; };
		108965971C8F183700CA98D0 /* ChangePasswordReq.swift in Sources */ = {isa = PBXBuildFile; fileRef = 108965961C8F183700CA98D0 /* ChangePasswordReq.swift */; };
		1091C2031CB36475005140D5 /* PhotoBrowserView.swift in Sources */ = {isa = PBXBuildFile; fileRef = 1091C2021CB36475005140D5 /* PhotoBrowserView.swift */; };
		1091C2051CB36489005140D5 /* PhotoBrowserView.xib in Resources */ = {isa = PBXBuildFile; fileRef = 1091C2041CB36489005140D5 /* PhotoBrowserView.xib */; };
		10A6176E1CB54D2600D8EEF8 /* SubmitDeviceTokenReq.swift in Sources */ = {isa = PBXBuildFile; fileRef = 10A6176D1CB54D2600D8EEF8 /* SubmitDeviceTokenReq.swift */; };
		10A6866A1C7DEF7400D050F0 /* GlobalUtil.swift in Sources */ = {isa = PBXBuildFile; fileRef = 10A686691C7DEF7400D050F0 /* GlobalUtil.swift */; };
		10A6866D1C7DF12600D050F0 /* UserEntity+CoreDataProperties.swift in Sources */ = {isa = PBXBuildFile; fileRef = 10A6866B1C7DF12600D050F0 /* UserEntity+CoreDataProperties.swift */; };
		10A6866E1C7DF12600D050F0 /* UserEntity.swift in Sources */ = {isa = PBXBuildFile; fileRef = 10A6866C1C7DF12600D050F0 /* UserEntity.swift */; };
		10A686711C7DF7A200D050F0 /* ContentInfo.swift in Sources */ = {isa = PBXBuildFile; fileRef = 10A686701C7DF7A200D050F0 /* ContentInfo.swift */; };
		10A686731C7DF8D000D050F0 /* WorkerContentInfo.swift in Sources */ = {isa = PBXBuildFile; fileRef = 10A686721C7DF8D000D050F0 /* WorkerContentInfo.swift */; };
		10BD4DE61C9A4A14006179AB /* DeleteVariableReq.swift in Sources */ = {isa = PBXBuildFile; fileRef = 10BD4DE51C9A4A14006179AB /* DeleteVariableReq.swift */; };
		10BD4DE81C9A50A2006179AB /* DeletePhotoReq.swift in Sources */ = {isa = PBXBuildFile; fileRef = 10BD4DE71C9A50A2006179AB /* DeletePhotoReq.swift */; };
		10C0F1301CA93D9C000BA06E /* jpush-ios-2.1.0.a in Frameworks */ = {isa = PBXBuildFile; fileRef = 10C0F12E1CA93D9C000BA06E /* jpush-ios-2.1.0.a */; };
		10D0D5701C4CD1D00093F687 /* AppDelegate.swift in Sources */ = {isa = PBXBuildFile; fileRef = 10D0D56F1C4CD1D00093F687 /* AppDelegate.swift */; };
		10D0D5751C4CD1D00093F687 /* Main.storyboard in Resources */ = {isa = PBXBuildFile; fileRef = 10D0D5731C4CD1D00093F687 /* Main.storyboard */; };
		10D0D5781C4CD1D00093F687 /* PeopleCongressSystem.xcdatamodeld in Sources */ = {isa = PBXBuildFile; fileRef = 10D0D5761C4CD1D00093F687 /* PeopleCongressSystem.xcdatamodeld */; };
		10D0D57A1C4CD1D00093F687 /* Assets.xcassets in Resources */ = {isa = PBXBuildFile; fileRef = 10D0D5791C4CD1D00093F687 /* Assets.xcassets */; };
		10D0D57D1C4CD1D00093F687 /* LaunchScreen.storyboard in Resources */ = {isa = PBXBuildFile; fileRef = 10D0D57B1C4CD1D00093F687 /* LaunchScreen.storyboard */; };
		10D0D5881C4CD1D00093F687 /* PeopleCongressSystemUITests.swift in Sources */ = {isa = PBXBuildFile; fileRef = 10D0D5871C4CD1D00093F687 /* PeopleCongressSystemUITests.swift */; };
		10D0D5951C4CD9810093F687 /* MainViewController.swift in Sources */ = {isa = PBXBuildFile; fileRef = 10D0D5941C4CD9810093F687 /* MainViewController.swift */; };
		10D0D5971C4CDAEA0093F687 /* Home.storyboard in Resources */ = {isa = PBXBuildFile; fileRef = 10D0D5961C4CDAEA0093F687 /* Home.storyboard */; };
		10D0D5991C4CDB330093F687 /* BusinessCard.storyboard in Resources */ = {isa = PBXBuildFile; fileRef = 10D0D5981C4CDB330093F687 /* BusinessCard.storyboard */; };
		10D0D59B1C4CDB5A0093F687 /* CheckIn.storyboard in Resources */ = {isa = PBXBuildFile; fileRef = 10D0D59A1C4CDB5A0093F687 /* CheckIn.storyboard */; };
		10D0D59D1C4CDB680093F687 /* Me.storyboard in Resources */ = {isa = PBXBuildFile; fileRef = 10D0D59C1C4CDB680093F687 /* Me.storyboard */; };
		10D0D5A41C4DCA5A0093F687 /* SignInViewController.swift in Sources */ = {isa = PBXBuildFile; fileRef = 10D0D5A31C4DCA5A0093F687 /* SignInViewController.swift */; };
		10D0D5A71C4DCB870093F687 /* CustomObjectUtil.swift in Sources */ = {isa = PBXBuildFile; fileRef = 10D0D5A61C4DCB870093F687 /* CustomObjectUtil.swift */; };
		10D0D5AA1C4DEBFD0093F687 /* SettingsManager.swift in Sources */ = {isa = PBXBuildFile; fileRef = 10D0D5A91C4DEBFD0093F687 /* SettingsManager.swift */; };
		10D0D5AD1C4DF6030093F687 /* UIViewController+AlertView.swift in Sources */ = {isa = PBXBuildFile; fileRef = 10D0D5AC1C4DF6030093F687 /* UIViewController+AlertView.swift */; };
		10D0D5B01C4E2C7D0093F687 /* HttpBaseReq.swift in Sources */ = {isa = PBXBuildFile; fileRef = 10D0D5AF1C4E2C7D0093F687 /* HttpBaseReq.swift */; };
		10D0D5B31C4E36600093F687 /* CoreDataManager.swift in Sources */ = {isa = PBXBuildFile; fileRef = 10D0D5B21C4E36600093F687 /* CoreDataManager.swift */; };
		10D0D5B91C4E37360093F687 /* AccountManager.swift in Sources */ = {isa = PBXBuildFile; fileRef = 10D0D5B81C4E37360093F687 /* AccountManager.swift */; };
		10D0D5BB1C4E41230093F687 /* GestureLockViewController.swift in Sources */ = {isa = PBXBuildFile; fileRef = 10D0D5BA1C4E41230093F687 /* GestureLockViewController.swift */; };
		10D0D5C11C4E7B160093F687 /* PCSDataManager.swift in Sources */ = {isa = PBXBuildFile; fileRef = 10D0D5C01C4E7B160093F687 /* PCSDataManager.swift */; };
		10D0D5C31C4E7D710093F687 /* FindPwdViewController.swift in Sources */ = {isa = PBXBuildFile; fileRef = 10D0D5C21C4E7D710093F687 /* FindPwdViewController.swift */; };
		10D0D5C51C4E7F960093F687 /* HomeViewController.swift in Sources */ = {isa = PBXBuildFile; fileRef = 10D0D5C41C4E7F960093F687 /* HomeViewController.swift */; };
		10D0D5C71C4E81FA0093F687 /* NormalImageCell.swift in Sources */ = {isa = PBXBuildFile; fileRef = 10D0D5C61C4E81FA0093F687 /* NormalImageCell.swift */; };
		10D0D5C91C4E8A190093F687 /* PerformanceRecordsViewController.swift in Sources */ = {isa = PBXBuildFile; fileRef = 10D0D5C81C4E8A190093F687 /* PerformanceRecordsViewController.swift */; };
		10D0D5CB1C4E8E260093F687 /* NormalImageTableCell.swift in Sources */ = {isa = PBXBuildFile; fileRef = 10D0D5CA1C4E8E260093F687 /* NormalImageTableCell.swift */; };
		10D0D5CF1C4FC3420093F687 /* TagListCell.swift in Sources */ = {isa = PBXBuildFile; fileRef = 10D0D5CE1C4FC3420093F687 /* TagListCell.swift */; };
		10D0D5D11C4FC4FF0093F687 /* PerformanceEditViewController.swift in Sources */ = {isa = PBXBuildFile; fileRef = 10D0D5D01C4FC4FF0093F687 /* PerformanceEditViewController.swift */; };
		10D0D5D31C4FDB440093F687 /* CustomNavigationView.swift in Sources */ = {isa = PBXBuildFile; fileRef = 10D0D5D21C4FDB440093F687 /* CustomNavigationView.swift */; };
		10DBF2081C896ED4007620BA /* GetCongressListReq.swift in Sources */ = {isa = PBXBuildFile; fileRef = 10DBF2071C896ED4007620BA /* GetCongressListReq.swift */; };
		10DBF20A1C8A5808007620BA /* DatePickerView.swift in Sources */ = {isa = PBXBuildFile; fileRef = 10DBF2091C8A5808007620BA /* DatePickerView.swift */; };
		10DBF20C1C8A5817007620BA /* DatePickerView.xib in Resources */ = {isa = PBXBuildFile; fileRef = 10DBF20B1C8A5817007620BA /* DatePickerView.xib */; };
		10DBF20E1C8A6CBD007620BA /* VariableRecordsViewController.swift in Sources */ = {isa = PBXBuildFile; fileRef = 10DBF20D1C8A6CBD007620BA /* VariableRecordsViewController.swift */; };
		10DBF2101C8A8075007620BA /* ManageEditUIDelegate.swift in Sources */ = {isa = PBXBuildFile; fileRef = 10DBF20F1C8A8075007620BA /* ManageEditUIDelegate.swift */; };
		10DBF2121C8A823C007620BA /* ManageEditUIActivityDelegate.swift in Sources */ = {isa = PBXBuildFile; fileRef = 10DBF2111C8A823C007620BA /* ManageEditUIActivityDelegate.swift */; };
		10DBF2141C8BBDBB007620BA /* ManageUIDelegate.swift in Sources */ = {isa = PBXBuildFile; fileRef = 10DBF2131C8BBDBB007620BA /* ManageUIDelegate.swift */; };
		10DBF2161C8C075F007620BA /* CheckInViewController.swift in Sources */ = {isa = PBXBuildFile; fileRef = 10DBF2151C8C075F007620BA /* CheckInViewController.swift */; };
		10DBF2191C8C0CF7007620BA /* NormalInfoCell.swift in Sources */ = {isa = PBXBuildFile; fileRef = 10DBF2171C8C0CF7007620BA /* NormalInfoCell.swift */; };
		10DBF21A1C8C0CF7007620BA /* NormalInfoCell.xib in Resources */ = {isa = PBXBuildFile; fileRef = 10DBF2181C8C0CF7007620BA /* NormalInfoCell.xib */; };
		10DBF21C1C8D3927007620BA /* ManageEditUICheckInDelegate.swift in Sources */ = {isa = PBXBuildFile; fileRef = 10DBF21B1C8D3927007620BA /* ManageEditUICheckInDelegate.swift */; };
		10DBF21E1C8D510E007620BA /* QRCodeScanViewController.swift in Sources */ = {isa = PBXBuildFile; fileRef = 10DBF21D1C8D510E007620BA /* QRCodeScanViewController.swift */; };
		10F1097F1C88156F0083D89D /* Activity.swift in Sources */ = {isa = PBXBuildFile; fileRef = 10F1097E1C88156F0083D89D /* Activity.swift */; };
		10F109811C8816D10083D89D /* GetActivitiesReq.swift in Sources */ = {isa = PBXBuildFile; fileRef = 10F109801C8816D10083D89D /* GetActivitiesReq.swift */; };
		10F109831C881C960083D89D /* AddActivityReq.swift in Sources */ = {isa = PBXBuildFile; fileRef = 10F109821C881C960083D89D /* AddActivityReq.swift */; };
		10F109851C8822A30083D89D /* Person.swift in Sources */ = {isa = PBXBuildFile; fileRef = 10F109841C8822A30083D89D /* Person.swift */; };
		10F5875B1C8F27BF00F2279B /* FeedbackViewController.swift in Sources */ = {isa = PBXBuildFile; fileRef = 10F5875A1C8F27BF00F2279B /* FeedbackViewController.swift */; };
		10F5875D1C8F928A00F2279B /* FeedbackReq.swift in Sources */ = {isa = PBXBuildFile; fileRef = 10F5875C1C8F928A00F2279B /* FeedbackReq.swift */; };
		10F5875F1C8FB1A600F2279B /* AboutViewController.swift in Sources */ = {isa = PBXBuildFile; fileRef = 10F5875E1C8FB1A600F2279B /* AboutViewController.swift */; };
		10F587661C90063800F2279B /* BusinessCardViewController.swift in Sources */ = {isa = PBXBuildFile; fileRef = 10F587651C90063800F2279B /* BusinessCardViewController.swift */; };
		10F7DE631C7863A3002A86CA /* PCSNavigationView.swift in Sources */ = {isa = PBXBuildFile; fileRef = 10F7DE621C7863A3002A86CA /* PCSNavigationView.swift */; };
		10F9019E1C858B0100A4D767 /* CongressContentInfo.swift in Sources */ = {isa = PBXBuildFile; fileRef = 10F9019D1C858B0100A4D767 /* CongressContentInfo.swift */; };
		3E604AFB394FDCDDAD7A9BDE /* Pods_PeopleCongressSystem.framework in Frameworks */ = {isa = PBXBuildFile; fileRef = 6BCFEC37E5EA0F7BF782CCBF /* Pods_PeopleCongressSystem.framework */; };
/* End PBXBuildFile section */

/* Begin PBXContainerItemProxy section */
		10D0D5841C4CD1D00093F687 /* PBXContainerItemProxy */ = {
			isa = PBXContainerItemProxy;
			containerPortal = 10D0D5641C4CD1D00093F687 /* Project object */;
			proxyType = 1;
			remoteGlobalIDString = 10D0D56B1C4CD1D00093F687;
			remoteInfo = PeopleCongressSystem;
		};
/* End PBXContainerItemProxy section */

/* Begin PBXFileReference section */
		100160301C8D69290095D023 /* CheckInReq.swift */ = {isa = PBXFileReference; fileEncoding = 4; lastKnownFileType = sourcecode.swift; path = CheckInReq.swift; sourceTree = "<group>"; };
		100160321C8D884D0095D023 /* MeViewController.swift */ = {isa = PBXFileReference; fileEncoding = 4; lastKnownFileType = sourcecode.swift; path = MeViewController.swift; sourceTree = "<group>"; };
		100160341C8DB93E0095D023 /* QRCodeDownloadViewController.swift */ = {isa = PBXFileReference; fileEncoding = 4; lastKnownFileType = sourcecode.swift; path = QRCodeDownloadViewController.swift; sourceTree = "<group>"; };
		100160361C8E5B7B0095D023 /* QRDownloadCell.swift */ = {isa = PBXFileReference; fileEncoding = 4; lastKnownFileType = sourcecode.swift; path = QRDownloadCell.swift; sourceTree = "<group>"; };
		100691AD1C929CA7000AEFEA /* ManageEditActivityEditDelegate.swift */ = {isa = PBXFileReference; fileEncoding = 4; lastKnownFileType = sourcecode.swift; path = ManageEditActivityEditDelegate.swift; sourceTree = "<group>"; };
		100691AF1C929DA6000AEFEA /* EditActivityReq.swift */ = {isa = PBXFileReference; fileEncoding = 4; lastKnownFileType = sourcecode.swift; path = EditActivityReq.swift; sourceTree = "<group>"; };
		100691B21C930308000AEFEA /* VariableDetailViewController.swift */ = {isa = PBXFileReference; fileEncoding = 4; lastKnownFileType = sourcecode.swift; path = VariableDetailViewController.swift; sourceTree = "<group>"; };
		100691B41C93B978000AEFEA /* SimpleImageCell.swift */ = {isa = PBXFileReference; fileEncoding = 4; lastKnownFileType = sourcecode.swift; path = SimpleImageCell.swift; sourceTree = "<group>"; };
		100691B61C93B9F0000AEFEA /* CollectionViewCell.swift */ = {isa = PBXFileReference; fileEncoding = 4; lastKnownFileType = sourcecode.swift; path = CollectionViewCell.swift; sourceTree = "<group>"; };
		100691B81C93BEA6000AEFEA /* PeopleCongressSystem-Bridging-Header.h */ = {isa = PBXFileReference; lastKnownFileType = sourcecode.c.h; path = "PeopleCongressSystem-Bridging-Header.h"; sourceTree = "<group>"; };
		100691BF1C93C92F000AEFEA /* UIImageView+webImage.swift */ = {isa = PBXFileReference; fileEncoding = 4; lastKnownFileType = sourcecode.swift; path = "UIImageView+webImage.swift"; sourceTree = "<group>"; };
		100691C11C9658CD000AEFEA /* MobileCoreServices.framework */ = {isa = PBXFileReference; lastKnownFileType = wrapper.framework; name = MobileCoreServices.framework; path = System/Library/Frameworks/MobileCoreServices.framework; sourceTree = SDKROOT; };
		100691C31C969395000AEFEA /* libcommonCrypto.tbd */ = {isa = PBXFileReference; lastKnownFileType = "sourcecode.text-based-dylib-definition"; name = libcommonCrypto.tbd; path = usr/lib/system/libcommonCrypto.tbd; sourceTree = SDKROOT; };
		100691C81C969C32000AEFEA /* UploadPhotoReq.swift */ = {isa = PBXFileReference; fileEncoding = 4; lastKnownFileType = sourcecode.swift; path = UploadPhotoReq.swift; sourceTree = "<group>"; };
		100691CA1C96AB35000AEFEA /* AddVariableReq.swift */ = {isa = PBXFileReference; fileEncoding = 4; lastKnownFileType = sourcecode.swift; path = AddVariableReq.swift; sourceTree = "<group>"; };
		100B202D1C88786700435EF0 /* UIViewController+Keyboard.swift */ = {isa = PBXFileReference; fileEncoding = 4; lastKnownFileType = sourcecode.swift; path = "UIViewController+Keyboard.swift"; sourceTree = "<group>"; };
		100B202F1C887C1000435EF0 /* TypeSelectView.swift */ = {isa = PBXFileReference; fileEncoding = 4; lastKnownFileType = sourcecode.swift; path = TypeSelectView.swift; sourceTree = "<group>"; };
		100B20311C887C2600435EF0 /* TypeSelectView.xib */ = {isa = PBXFileReference; fileEncoding = 4; lastKnownFileType = file.xib; path = TypeSelectView.xib; sourceTree = "<group>"; };
		100B20331C8881EF00435EF0 /* GetActivityTypesReq.swift */ = {isa = PBXFileReference; fileEncoding = 4; lastKnownFileType = sourcecode.swift; path = GetActivityTypesReq.swift; sourceTree = "<group>"; };
		100B20351C8883A700435EF0 /* PCSTypeInfo.swift */ = {isa = PBXFileReference; fileEncoding = 4; lastKnownFileType = sourcecode.swift; path = PCSTypeInfo.swift; sourceTree = "<group>"; };
		100B20371C88923600435EF0 /* GroupViewController.swift */ = {isa = PBXFileReference; fileEncoding = 4; lastKnownFileType = sourcecode.swift; path = GroupViewController.swift; sourceTree = "<group>"; };
		100B20391C8894CA00435EF0 /* Group.swift */ = {isa = PBXFileReference; fileEncoding = 4; lastKnownFileType = sourcecode.swift; path = Group.swift; sourceTree = "<group>"; };
		100B203B1C88968900435EF0 /* GetGroupReq.swift */ = {isa = PBXFileReference; fileEncoding = 4; lastKnownFileType = sourcecode.swift; path = GetGroupReq.swift; sourceTree = "<group>"; };
		100B203D1C89222F00435EF0 /* PersonListViewController.swift */ = {isa = PBXFileReference; fileEncoding = 4; lastKnownFileType = sourcecode.swift; path = PersonListViewController.swift; sourceTree = "<group>"; };
		100B203F1C895FC600435EF0 /* GetPersonListReq.swift */ = {isa = PBXFileReference; fileEncoding = 4; lastKnownFileType = sourcecode.swift; path = GetPersonListReq.swift; sourceTree = "<group>"; };
		100EA8831CA819CE00C5FA59 /* GetUrlReq.swift */ = {isa = PBXFileReference; fileEncoding = 4; lastKnownFileType = sourcecode.swift; path = GetUrlReq.swift; sourceTree = "<group>"; };
		103261151CAA80C50075BBA8 /* CFNetwork.framework */ = {isa = PBXFileReference; lastKnownFileType = wrapper.framework; name = CFNetwork.framework; path = System/Library/Frameworks/CFNetwork.framework; sourceTree = SDKROOT; };
		103261171CAA80E50075BBA8 /* CoreFoundation.framework */ = {isa = PBXFileReference; lastKnownFileType = wrapper.framework; name = CoreFoundation.framework; path = System/Library/Frameworks/CoreFoundation.framework; sourceTree = SDKROOT; };
		103261191CAA80EF0075BBA8 /* CoreTelephony.framework */ = {isa = PBXFileReference; lastKnownFileType = wrapper.framework; name = CoreTelephony.framework; path = System/Library/Frameworks/CoreTelephony.framework; sourceTree = SDKROOT; };
		1032611B1CAA80F80075BBA8 /* SystemConfiguration.framework */ = {isa = PBXFileReference; lastKnownFileType = wrapper.framework; name = SystemConfiguration.framework; path = System/Library/Frameworks/SystemConfiguration.framework; sourceTree = SDKROOT; };
		1032611D1CAA81010075BBA8 /* CoreGraphics.framework */ = {isa = PBXFileReference; lastKnownFileType = wrapper.framework; name = CoreGraphics.framework; path = System/Library/Frameworks/CoreGraphics.framework; sourceTree = SDKROOT; };
		1032611F1CAA810A0075BBA8 /* Security.framework */ = {isa = PBXFileReference; lastKnownFileType = wrapper.framework; name = Security.framework; path = System/Library/Frameworks/Security.framework; sourceTree = SDKROOT; };
		103261211CAA81100075BBA8 /* libz.tbd */ = {isa = PBXFileReference; lastKnownFileType = "sourcecode.text-based-dylib-definition"; name = libz.tbd; path = usr/lib/libz.tbd; sourceTree = SDKROOT; };
		103A9D2B1CA0F09C003576C3 /* GetVariableDetailReq.swift */ = {isa = PBXFileReference; fileEncoding = 4; lastKnownFileType = sourcecode.swift; path = GetVariableDetailReq.swift; sourceTree = "<group>"; };
		1042329A1C8E61F400809859 /* ChangePasswordViewController.swift */ = {isa = PBXFileReference; fileEncoding = 4; lastKnownFileType = sourcecode.swift; path = ChangePasswordViewController.swift; sourceTree = "<group>"; };
		104564C71CA22C530031FFCA /* GuideViewController.swift */ = {isa = PBXFileReference; fileEncoding = 4; lastKnownFileType = sourcecode.swift; path = GuideViewController.swift; sourceTree = "<group>"; };
		10496F361C76012F0074CFC1 /* SignInReq.swift */ = {isa = PBXFileReference; fileEncoding = 4; lastKnownFileType = sourcecode.swift; path = SignInReq.swift; sourceTree = "<group>"; };
		10496F381C76140C0074CFC1 /* PCSCustomUtil.swift */ = {isa = PBXFileReference; fileEncoding = 4; lastKnownFileType = sourcecode.swift; path = PCSCustomUtil.swift; sourceTree = "<group>"; };
		1052428F1C9CF909005A55DC /* GetActivityDetaildReq.swift */ = {isa = PBXFileReference; fileEncoding = 4; lastKnownFileType = sourcecode.swift; path = GetActivityDetaildReq.swift; sourceTree = "<group>"; };
		105242911C9CFEF2005A55DC /* GetActivityPersonsReq.swift */ = {isa = PBXFileReference; fileEncoding = 4; lastKnownFileType = sourcecode.swift; path = GetActivityPersonsReq.swift; sourceTree = "<group>"; };
		105C198E1C994DC700103B38 /* GetCongressInfoReq.swift */ = {isa = PBXFileReference; fileEncoding = 4; lastKnownFileType = sourcecode.swift; path = GetCongressInfoReq.swift; sourceTree = "<group>"; };
		105C19901C9A3E4A00103B38 /* EditVariableReq.swift */ = {isa = PBXFileReference; fileEncoding = 4; lastKnownFileType = sourcecode.swift; path = EditVariableReq.swift; sourceTree = "<group>"; };
		106C64C81C83511400E6CD95 /* PCSProtocols.swift */ = {isa = PBXFileReference; fileEncoding = 4; lastKnownFileType = sourcecode.swift; path = PCSProtocols.swift; sourceTree = "<group>"; };
		106C64CA1C83522800E6CD95 /* WorkerHomeActionDelegate.swift */ = {isa = PBXFileReference; fileEncoding = 4; lastKnownFileType = sourcecode.swift; path = WorkerHomeActionDelegate.swift; sourceTree = "<group>"; };
		106C64CC1C84070A00E6CD95 /* PCSDefines.swift */ = {isa = PBXFileReference; fileEncoding = 4; lastKnownFileType = sourcecode.swift; path = PCSDefines.swift; sourceTree = "<group>"; };
		106E0E201CA55F7F004C48C0 /* GetActivityNotifyCountReq.swift */ = {isa = PBXFileReference; fileEncoding = 4; lastKnownFileType = sourcecode.swift; path = GetActivityNotifyCountReq.swift; sourceTree = "<group>"; };
		1072E08B1C8F1BF1004DBA4D /* ChangeGestureViewController.swift */ = {isa = PBXFileReference; fileEncoding = 4; lastKnownFileType = sourcecode.swift; path = ChangeGestureViewController.swift; sourceTree = "<group>"; };
		107505571C9021A300C9589E /* ResetPasswordReq.swift */ = {isa = PBXFileReference; fileEncoding = 4; lastKnownFileType = sourcecode.swift; path = ResetPasswordReq.swift; sourceTree = "<group>"; };
		107505591C90255F00C9589E /* NormalImageTableCell.xib */ = {isa = PBXFileReference; fileEncoding = 4; lastKnownFileType = file.xib; path = NormalImageTableCell.xib; sourceTree = "<group>"; };
		1075055B1C90576C00C9589E /* UIViewController+PreloadHtml.swift */ = {isa = PBXFileReference; fileEncoding = 4; lastKnownFileType = sourcecode.swift; path = "UIViewController+PreloadHtml.swift"; sourceTree = "<group>"; };
		1075055D1C9057B700C9589E /* UIWebView+HtmlInteract.swift */ = {isa = PBXFileReference; fileEncoding = 4; lastKnownFileType = sourcecode.swift; path = "UIWebView+HtmlInteract.swift"; sourceTree = "<group>"; };
		107505601C905FB700C9589E /* CommonHTMLViewController.swift */ = {isa = PBXFileReference; fileEncoding = 4; lastKnownFileType = sourcecode.swift; path = CommonHTMLViewController.swift; sourceTree = "<group>"; };
		107505621C906D0200C9589E /* SituationViewController.swift */ = {isa = PBXFileReference; fileEncoding = 4; lastKnownFileType = sourcecode.swift; path = SituationViewController.swift; sourceTree = "<group>"; };
		1075056C1C9115C700C9589E /* NormalImageCell.xib */ = {isa = PBXFileReference; fileEncoding = 4; lastKnownFileType = file.xib; path = NormalImageCell.xib; sourceTree = "<group>"; };
		1075056E1C91445700C9589E /* CongressHomeActionDelegate.swift */ = {isa = PBXFileReference; fileEncoding = 4; lastKnownFileType = sourcecode.swift; path = CongressHomeActionDelegate.swift; sourceTree = "<group>"; };
		107505701C914E8A00C9589E /* RecordCell.swift */ = {isa = PBXFileReference; fileEncoding = 4; lastKnownFileType = sourcecode.swift; path = RecordCell.swift; sourceTree = "<group>"; };
		107505721C91570F00C9589E /* GetVariablesReq.swift */ = {isa = PBXFileReference; fileEncoding = 4; lastKnownFileType = sourcecode.swift; path = GetVariablesReq.swift; sourceTree = "<group>"; };
		107505741C915C9E00C9589E /* Variable.swift */ = {isa = PBXFileReference; fileEncoding = 4; lastKnownFileType = sourcecode.swift; path = Variable.swift; sourceTree = "<group>"; };
		108496171CB3ABCF00B7BA03 /* VariableEntity+CoreDataProperties.swift */ = {isa = PBXFileReference; fileEncoding = 4; lastKnownFileType = sourcecode.swift; path = "VariableEntity+CoreDataProperties.swift"; sourceTree = "<group>"; };
		108496181CB3ABCF00B7BA03 /* VariableEntity.swift */ = {isa = PBXFileReference; fileEncoding = 4; lastKnownFileType = sourcecode.swift; path = VariableEntity.swift; sourceTree = "<group>"; };
		108965961C8F183700CA98D0 /* ChangePasswordReq.swift */ = {isa = PBXFileReference; fileEncoding = 4; lastKnownFileType = sourcecode.swift; path = ChangePasswordReq.swift; sourceTree = "<group>"; };
		1091C2021CB36475005140D5 /* PhotoBrowserView.swift */ = {isa = PBXFileReference; fileEncoding = 4; lastKnownFileType = sourcecode.swift; path = PhotoBrowserView.swift; sourceTree = "<group>"; };
		1091C2041CB36489005140D5 /* PhotoBrowserView.xib */ = {isa = PBXFileReference; fileEncoding = 4; lastKnownFileType = file.xib; path = PhotoBrowserView.xib; sourceTree = "<group>"; };
		10A6176D1CB54D2600D8EEF8 /* SubmitDeviceTokenReq.swift */ = {isa = PBXFileReference; fileEncoding = 4; lastKnownFileType = sourcecode.swift; path = SubmitDeviceTokenReq.swift; sourceTree = "<group>"; };
		10A686691C7DEF7400D050F0 /* GlobalUtil.swift */ = {isa = PBXFileReference; fileEncoding = 4; lastKnownFileType = sourcecode.swift; path = GlobalUtil.swift; sourceTree = "<group>"; };
		10A6866B1C7DF12600D050F0 /* UserEntity+CoreDataProperties.swift */ = {isa = PBXFileReference; fileEncoding = 4; lastKnownFileType = sourcecode.swift; path = "UserEntity+CoreDataProperties.swift"; sourceTree = "<group>"; };
		10A6866C1C7DF12600D050F0 /* UserEntity.swift */ = {isa = PBXFileReference; fileEncoding = 4; lastKnownFileType = sourcecode.swift; path = UserEntity.swift; sourceTree = "<group>"; };
		10A686701C7DF7A200D050F0 /* ContentInfo.swift */ = {isa = PBXFileReference; fileEncoding = 4; lastKnownFileType = sourcecode.swift; path = ContentInfo.swift; sourceTree = "<group>"; };
		10A686721C7DF8D000D050F0 /* WorkerContentInfo.swift */ = {isa = PBXFileReference; fileEncoding = 4; lastKnownFileType = sourcecode.swift; path = WorkerContentInfo.swift; sourceTree = "<group>"; };
		10BD4DE51C9A4A14006179AB /* DeleteVariableReq.swift */ = {isa = PBXFileReference; fileEncoding = 4; lastKnownFileType = sourcecode.swift; path = DeleteVariableReq.swift; sourceTree = "<group>"; };
		10BD4DE71C9A50A2006179AB /* DeletePhotoReq.swift */ = {isa = PBXFileReference; fileEncoding = 4; lastKnownFileType = sourcecode.swift; path = DeletePhotoReq.swift; sourceTree = "<group>"; };
		10C0F12E1CA93D9C000BA06E /* jpush-ios-2.1.0.a */ = {isa = PBXFileReference; lastKnownFileType = archive.ar; path = "jpush-ios-2.1.0.a"; sourceTree = "<group>"; };
		10C0F12F1CA93D9C000BA06E /* JPUSHService.h */ = {isa = PBXFileReference; fileEncoding = 4; lastKnownFileType = sourcecode.c.h; path = JPUSHService.h; sourceTree = "<group>"; };
		10D0D56C1C4CD1D00093F687 /* PeopleCongressSystem.app */ = {isa = PBXFileReference; explicitFileType = wrapper.application; includeInIndex = 0; path = PeopleCongressSystem.app; sourceTree = BUILT_PRODUCTS_DIR; };
		10D0D56F1C4CD1D00093F687 /* AppDelegate.swift */ = {isa = PBXFileReference; lastKnownFileType = sourcecode.swift; path = AppDelegate.swift; sourceTree = "<group>"; };
		10D0D5741C4CD1D00093F687 /* Base */ = {isa = PBXFileReference; lastKnownFileType = file.storyboard; name = Base; path = Base.lproj/Main.storyboard; sourceTree = "<group>"; };
		10D0D5771C4CD1D00093F687 /* PeopleCongressSystem.xcdatamodel */ = {isa = PBXFileReference; lastKnownFileType = wrapper.xcdatamodel; path = PeopleCongressSystem.xcdatamodel; sourceTree = "<group>"; };
		10D0D5791C4CD1D00093F687 /* Assets.xcassets */ = {isa = PBXFileReference; lastKnownFileType = folder.assetcatalog; path = Assets.xcassets; sourceTree = "<group>"; };
		10D0D57C1C4CD1D00093F687 /* Base */ = {isa = PBXFileReference; lastKnownFileType = file.storyboard; name = Base; path = Base.lproj/LaunchScreen.storyboard; sourceTree = "<group>"; };
		10D0D57E1C4CD1D00093F687 /* Info.plist */ = {isa = PBXFileReference; lastKnownFileType = text.plist.xml; path = Info.plist; sourceTree = "<group>"; };
		10D0D5831C4CD1D00093F687 /* PeopleCongressSystemUITests.xctest */ = {isa = PBXFileReference; explicitFileType = wrapper.cfbundle; includeInIndex = 0; path = PeopleCongressSystemUITests.xctest; sourceTree = BUILT_PRODUCTS_DIR; };
		10D0D5871C4CD1D00093F687 /* PeopleCongressSystemUITests.swift */ = {isa = PBXFileReference; lastKnownFileType = sourcecode.swift; path = PeopleCongressSystemUITests.swift; sourceTree = "<group>"; };
		10D0D5891C4CD1D00093F687 /* Info.plist */ = {isa = PBXFileReference; lastKnownFileType = text.plist.xml; path = Info.plist; sourceTree = "<group>"; };
		10D0D5941C4CD9810093F687 /* MainViewController.swift */ = {isa = PBXFileReference; fileEncoding = 4; lastKnownFileType = sourcecode.swift; path = MainViewController.swift; sourceTree = "<group>"; };
		10D0D5961C4CDAEA0093F687 /* Home.storyboard */ = {isa = PBXFileReference; fileEncoding = 4; lastKnownFileType = file.storyboard; path = Home.storyboard; sourceTree = "<group>"; };
		10D0D5981C4CDB330093F687 /* BusinessCard.storyboard */ = {isa = PBXFileReference; fileEncoding = 4; lastKnownFileType = file.storyboard; path = BusinessCard.storyboard; sourceTree = "<group>"; };
		10D0D59A1C4CDB5A0093F687 /* CheckIn.storyboard */ = {isa = PBXFileReference; fileEncoding = 4; lastKnownFileType = file.storyboard; path = CheckIn.storyboard; sourceTree = "<group>"; };
		10D0D59C1C4CDB680093F687 /* Me.storyboard */ = {isa = PBXFileReference; fileEncoding = 4; lastKnownFileType = file.storyboard; path = Me.storyboard; sourceTree = "<group>"; };
		10D0D5A31C4DCA5A0093F687 /* SignInViewController.swift */ = {isa = PBXFileReference; fileEncoding = 4; lastKnownFileType = sourcecode.swift; path = SignInViewController.swift; sourceTree = "<group>"; };
		10D0D5A61C4DCB870093F687 /* CustomObjectUtil.swift */ = {isa = PBXFileReference; fileEncoding = 4; lastKnownFileType = sourcecode.swift; path = CustomObjectUtil.swift; sourceTree = "<group>"; };
		10D0D5A91C4DEBFD0093F687 /* SettingsManager.swift */ = {isa = PBXFileReference; fileEncoding = 4; lastKnownFileType = sourcecode.swift; path = SettingsManager.swift; sourceTree = "<group>"; };
		10D0D5AC1C4DF6030093F687 /* UIViewController+AlertView.swift */ = {isa = PBXFileReference; fileEncoding = 4; lastKnownFileType = sourcecode.swift; path = "UIViewController+AlertView.swift"; sourceTree = "<group>"; };
		10D0D5AF1C4E2C7D0093F687 /* HttpBaseReq.swift */ = {isa = PBXFileReference; fileEncoding = 4; lastKnownFileType = sourcecode.swift; path = HttpBaseReq.swift; sourceTree = "<group>"; };
		10D0D5B21C4E36600093F687 /* CoreDataManager.swift */ = {isa = PBXFileReference; fileEncoding = 4; lastKnownFileType = sourcecode.swift; path = CoreDataManager.swift; sourceTree = "<group>"; };
		10D0D5B81C4E37360093F687 /* AccountManager.swift */ = {isa = PBXFileReference; fileEncoding = 4; lastKnownFileType = sourcecode.swift; path = AccountManager.swift; sourceTree = "<group>"; };
		10D0D5BA1C4E41230093F687 /* GestureLockViewController.swift */ = {isa = PBXFileReference; fileEncoding = 4; lastKnownFileType = sourcecode.swift; path = GestureLockViewController.swift; sourceTree = "<group>"; };
		10D0D5C01C4E7B160093F687 /* PCSDataManager.swift */ = {isa = PBXFileReference; fileEncoding = 4; lastKnownFileType = sourcecode.swift; path = PCSDataManager.swift; sourceTree = "<group>"; };
		10D0D5C21C4E7D710093F687 /* FindPwdViewController.swift */ = {isa = PBXFileReference; fileEncoding = 4; lastKnownFileType = sourcecode.swift; path = FindPwdViewController.swift; sourceTree = "<group>"; };
		10D0D5C41C4E7F960093F687 /* HomeViewController.swift */ = {isa = PBXFileReference; fileEncoding = 4; lastKnownFileType = sourcecode.swift; path = HomeViewController.swift; sourceTree = "<group>"; };
		10D0D5C61C4E81FA0093F687 /* NormalImageCell.swift */ = {isa = PBXFileReference; fileEncoding = 4; lastKnownFileType = sourcecode.swift; path = NormalImageCell.swift; sourceTree = "<group>"; };
		10D0D5C81C4E8A190093F687 /* PerformanceRecordsViewController.swift */ = {isa = PBXFileReference; fileEncoding = 4; lastKnownFileType = sourcecode.swift; path = PerformanceRecordsViewController.swift; sourceTree = "<group>"; };
		10D0D5CA1C4E8E260093F687 /* NormalImageTableCell.swift */ = {isa = PBXFileReference; fileEncoding = 4; lastKnownFileType = sourcecode.swift; path = NormalImageTableCell.swift; sourceTree = "<group>"; };
		10D0D5CE1C4FC3420093F687 /* TagListCell.swift */ = {isa = PBXFileReference; fileEncoding = 4; lastKnownFileType = sourcecode.swift; path = TagListCell.swift; sourceTree = "<group>"; };
		10D0D5D01C4FC4FF0093F687 /* PerformanceEditViewController.swift */ = {isa = PBXFileReference; fileEncoding = 4; lastKnownFileType = sourcecode.swift; path = PerformanceEditViewController.swift; sourceTree = "<group>"; };
		10D0D5D21C4FDB440093F687 /* CustomNavigationView.swift */ = {isa = PBXFileReference; fileEncoding = 4; lastKnownFileType = sourcecode.swift; path = CustomNavigationView.swift; sourceTree = "<group>"; };
		10DBF2071C896ED4007620BA /* GetCongressListReq.swift */ = {isa = PBXFileReference; fileEncoding = 4; lastKnownFileType = sourcecode.swift; path = GetCongressListReq.swift; sourceTree = "<group>"; };
		10DBF2091C8A5808007620BA /* DatePickerView.swift */ = {isa = PBXFileReference; fileEncoding = 4; lastKnownFileType = sourcecode.swift; path = DatePickerView.swift; sourceTree = "<group>"; };
		10DBF20B1C8A5817007620BA /* DatePickerView.xib */ = {isa = PBXFileReference; fileEncoding = 4; lastKnownFileType = file.xib; path = DatePickerView.xib; sourceTree = "<group>"; };
		10DBF20D1C8A6CBD007620BA /* VariableRecordsViewController.swift */ = {isa = PBXFileReference; fileEncoding = 4; lastKnownFileType = sourcecode.swift; path = VariableRecordsViewController.swift; sourceTree = "<group>"; };
		10DBF20F1C8A8075007620BA /* ManageEditUIDelegate.swift */ = {isa = PBXFileReference; fileEncoding = 4; lastKnownFileType = sourcecode.swift; path = ManageEditUIDelegate.swift; sourceTree = "<group>"; };
		10DBF2111C8A823C007620BA /* ManageEditUIActivityDelegate.swift */ = {isa = PBXFileReference; fileEncoding = 4; lastKnownFileType = sourcecode.swift; path = ManageEditUIActivityDelegate.swift; sourceTree = "<group>"; };
		10DBF2131C8BBDBB007620BA /* ManageUIDelegate.swift */ = {isa = PBXFileReference; fileEncoding = 4; lastKnownFileType = sourcecode.swift; path = ManageUIDelegate.swift; sourceTree = "<group>"; };
		10DBF2151C8C075F007620BA /* CheckInViewController.swift */ = {isa = PBXFileReference; fileEncoding = 4; lastKnownFileType = sourcecode.swift; path = CheckInViewController.swift; sourceTree = "<group>"; };
		10DBF2171C8C0CF7007620BA /* NormalInfoCell.swift */ = {isa = PBXFileReference; fileEncoding = 4; lastKnownFileType = sourcecode.swift; path = NormalInfoCell.swift; sourceTree = "<group>"; };
		10DBF2181C8C0CF7007620BA /* NormalInfoCell.xib */ = {isa = PBXFileReference; fileEncoding = 4; lastKnownFileType = file.xib; path = NormalInfoCell.xib; sourceTree = "<group>"; };
		10DBF21B1C8D3927007620BA /* ManageEditUICheckInDelegate.swift */ = {isa = PBXFileReference; fileEncoding = 4; lastKnownFileType = sourcecode.swift; path = ManageEditUICheckInDelegate.swift; sourceTree = "<group>"; };
		10DBF21D1C8D510E007620BA /* QRCodeScanViewController.swift */ = {isa = PBXFileReference; fileEncoding = 4; lastKnownFileType = sourcecode.swift; path = QRCodeScanViewController.swift; sourceTree = "<group>"; };
		10F1097E1C88156F0083D89D /* Activity.swift */ = {isa = PBXFileReference; fileEncoding = 4; lastKnownFileType = sourcecode.swift; path = Activity.swift; sourceTree = "<group>"; };
		10F109801C8816D10083D89D /* GetActivitiesReq.swift */ = {isa = PBXFileReference; fileEncoding = 4; lastKnownFileType = sourcecode.swift; path = GetActivitiesReq.swift; sourceTree = "<group>"; };
		10F109821C881C960083D89D /* AddActivityReq.swift */ = {isa = PBXFileReference; fileEncoding = 4; lastKnownFileType = sourcecode.swift; path = AddActivityReq.swift; sourceTree = "<group>"; };
		10F109841C8822A30083D89D /* Person.swift */ = {isa = PBXFileReference; fileEncoding = 4; lastKnownFileType = sourcecode.swift; path = Person.swift; sourceTree = "<group>"; };
		10F5875A1C8F27BF00F2279B /* FeedbackViewController.swift */ = {isa = PBXFileReference; fileEncoding = 4; lastKnownFileType = sourcecode.swift; path = FeedbackViewController.swift; sourceTree = "<group>"; };
		10F5875C1C8F928A00F2279B /* FeedbackReq.swift */ = {isa = PBXFileReference; fileEncoding = 4; lastKnownFileType = sourcecode.swift; path = FeedbackReq.swift; sourceTree = "<group>"; };
		10F5875E1C8FB1A600F2279B /* AboutViewController.swift */ = {isa = PBXFileReference; fileEncoding = 4; lastKnownFileType = sourcecode.swift; path = AboutViewController.swift; sourceTree = "<group>"; };
		10F587651C90063800F2279B /* BusinessCardViewController.swift */ = {isa = PBXFileReference; fileEncoding = 4; lastKnownFileType = sourcecode.swift; path = BusinessCardViewController.swift; sourceTree = "<group>"; };
		10F7DE621C7863A3002A86CA /* PCSNavigationView.swift */ = {isa = PBXFileReference; fileEncoding = 4; lastKnownFileType = sourcecode.swift; path = PCSNavigationView.swift; sourceTree = "<group>"; };
		10F9019D1C858B0100A4D767 /* CongressContentInfo.swift */ = {isa = PBXFileReference; fileEncoding = 4; lastKnownFileType = sourcecode.swift; path = CongressContentInfo.swift; sourceTree = "<group>"; };
		68AE91901E434A8BE22D3071 /* Pods-PeopleCongressSystem.debug.xcconfig */ = {isa = PBXFileReference; includeInIndex = 1; lastKnownFileType = text.xcconfig; name = "Pods-PeopleCongressSystem.debug.xcconfig"; path = "Pods/Target Support Files/Pods-PeopleCongressSystem/Pods-PeopleCongressSystem.debug.xcconfig"; sourceTree = "<group>"; };
		6BCFEC37E5EA0F7BF782CCBF /* Pods_PeopleCongressSystem.framework */ = {isa = PBXFileReference; explicitFileType = wrapper.framework; includeInIndex = 0; path = Pods_PeopleCongressSystem.framework; sourceTree = BUILT_PRODUCTS_DIR; };
		7FC8BFEC67A9706088C1E7DA /* Pods-PeopleCongressSystem.release.xcconfig */ = {isa = PBXFileReference; includeInIndex = 1; lastKnownFileType = text.xcconfig; name = "Pods-PeopleCongressSystem.release.xcconfig"; path = "Pods/Target Support Files/Pods-PeopleCongressSystem/Pods-PeopleCongressSystem.release.xcconfig"; sourceTree = "<group>"; };
/* End PBXFileReference section */

/* Begin PBXFrameworksBuildPhase section */
		10D0D5691C4CD1D00093F687 /* Frameworks */ = {
			isa = PBXFrameworksBuildPhase;
			buildActionMask = 2147483647;
			files = (
				103261221CAA81100075BBA8 /* libz.tbd in Frameworks */,
				103261201CAA810A0075BBA8 /* Security.framework in Frameworks */,
				1032611E1CAA81010075BBA8 /* CoreGraphics.framework in Frameworks */,
				1032611C1CAA80F80075BBA8 /* SystemConfiguration.framework in Frameworks */,
				1032611A1CAA80EF0075BBA8 /* CoreTelephony.framework in Frameworks */,
				103261181CAA80E50075BBA8 /* CoreFoundation.framework in Frameworks */,
				103261161CAA80C50075BBA8 /* CFNetwork.framework in Frameworks */,
				10C0F1301CA93D9C000BA06E /* jpush-ios-2.1.0.a in Frameworks */,
				3E604AFB394FDCDDAD7A9BDE /* Pods_PeopleCongressSystem.framework in Frameworks */,
			);
			runOnlyForDeploymentPostprocessing = 0;
		};
		10D0D5801C4CD1D00093F687 /* Frameworks */ = {
			isa = PBXFrameworksBuildPhase;
			buildActionMask = 2147483647;
			files = (
			);
			runOnlyForDeploymentPostprocessing = 0;
		};
/* End PBXFrameworksBuildPhase section */

/* Begin PBXGroup section */
		1075055F1C905F9D00C9589E /* HTML */ = {
			isa = PBXGroup;
			children = (
				107505601C905FB700C9589E /* CommonHTMLViewController.swift */,
			);
			path = HTML;
			sourceTree = "<group>";
		};
		10A6866F1C7DF72B00D050F0 /* Models */ = {
			isa = PBXGroup;
			children = (
				106C64CC1C84070A00E6CD95 /* PCSDefines.swift */,
				10A686701C7DF7A200D050F0 /* ContentInfo.swift */,
				10A686721C7DF8D000D050F0 /* WorkerContentInfo.swift */,
				10F9019D1C858B0100A4D767 /* CongressContentInfo.swift */,
				10F1097E1C88156F0083D89D /* Activity.swift */,
				10F109841C8822A30083D89D /* Person.swift */,
				100B20351C8883A700435EF0 /* PCSTypeInfo.swift */,
				100B20391C8894CA00435EF0 /* Group.swift */,
				107505741C915C9E00C9589E /* Variable.swift */,
			);
			path = Models;
			sourceTree = "<group>";
		};
		10C0F12C1CA93D5F000BA06E /* ThirdPartys */ = {
			isa = PBXGroup;
			children = (
				10C0F12D1CA93D9C000BA06E /* JPush */,
			);
			path = ThirdPartys;
			sourceTree = "<group>";
		};
		10C0F12D1CA93D9C000BA06E /* JPush */ = {
			isa = PBXGroup;
			children = (
				10C0F12E1CA93D9C000BA06E /* jpush-ios-2.1.0.a */,
				10C0F12F1CA93D9C000BA06E /* JPUSHService.h */,
			);
			path = JPush;
			sourceTree = "<group>";
		};
		10D0D5631C4CD1D00093F687 = {
			isa = PBXGroup;
			children = (
				10D0D56E1C4CD1D00093F687 /* PeopleCongressSystem */,
				10D0D5861C4CD1D00093F687 /* PeopleCongressSystemUITests */,
				10D0D56D1C4CD1D00093F687 /* Products */,
				7F44DF50897CB1D5E2F7216F /* Pods */,
				788B022D8203C53FB6ACC595 /* Frameworks */,
			);
			sourceTree = "<group>";
		};
		10D0D56D1C4CD1D00093F687 /* Products */ = {
			isa = PBXGroup;
			children = (
				10D0D56C1C4CD1D00093F687 /* PeopleCongressSystem.app */,
				10D0D5831C4CD1D00093F687 /* PeopleCongressSystemUITests.xctest */,
			);
			name = Products;
			sourceTree = "<group>";
		};
		10D0D56E1C4CD1D00093F687 /* PeopleCongressSystem */ = {
			isa = PBXGroup;
			children = (
				10C0F12C1CA93D5F000BA06E /* ThirdPartys */,
				10A6866F1C7DF72B00D050F0 /* Models */,
				10D0D5B11C4E36350093F687 /* CoreData */,
				10D0D5AE1C4E2C6A0093F687 /* HttpRequests */,
				10D0D5AB1C4DF5DF0093F687 /* Customs */,
				10D0D5A81C4DEBED0093F687 /* Managers */,
				10D0D5A51C4DCB5F0093F687 /* Utilities */,
				10D0D5921C4CD8F80093F687 /* ViewControllers */,
				10D0D5931C4CD8F80093F687 /* Views */,
				10D0D56F1C4CD1D00093F687 /* AppDelegate.swift */,
				10D0D5791C4CD1D00093F687 /* Assets.xcassets */,
				10D0D57B1C4CD1D00093F687 /* LaunchScreen.storyboard */,
				10D0D57E1C4CD1D00093F687 /* Info.plist */,
				100691B81C93BEA6000AEFEA /* PeopleCongressSystem-Bridging-Header.h */,
			);
			path = PeopleCongressSystem;
			sourceTree = "<group>";
		};
		10D0D5861C4CD1D00093F687 /* PeopleCongressSystemUITests */ = {
			isa = PBXGroup;
			children = (
				10D0D5871C4CD1D00093F687 /* PeopleCongressSystemUITests.swift */,
				10D0D5891C4CD1D00093F687 /* Info.plist */,
			);
			path = PeopleCongressSystemUITests;
			sourceTree = "<group>";
		};
		10D0D5921C4CD8F80093F687 /* ViewControllers */ = {
			isa = PBXGroup;
			children = (
				10D0D5731C4CD1D00093F687 /* Main.storyboard */,
				10D0D5961C4CDAEA0093F687 /* Home.storyboard */,
				10D0D5981C4CDB330093F687 /* BusinessCard.storyboard */,
				10D0D59A1C4CDB5A0093F687 /* CheckIn.storyboard */,
				10D0D59C1C4CDB680093F687 /* Me.storyboard */,
				10D0D5941C4CD9810093F687 /* MainViewController.swift */,
				104564C71CA22C530031FFCA /* GuideViewController.swift */,
				10D0D59E1C4DCA3E0093F687 /* BusinessCard */,
				10D0D59F1C4DCA3E0093F687 /* CheckIn */,
				10D0D5A01C4DCA3E0093F687 /* Home */,
				10D0D5A11C4DCA3E0093F687 /* Me */,
				10D0D5A21C4DCA3E0093F687 /* SignIn */,
				1075055F1C905F9D00C9589E /* HTML */,
			);
			path = ViewControllers;
			sourceTree = "<group>";
		};
		10D0D5931C4CD8F80093F687 /* Views */ = {
			isa = PBXGroup;
			children = (
				10D0D5D21C4FDB440093F687 /* CustomNavigationView.swift */,
				10D0D5C61C4E81FA0093F687 /* NormalImageCell.swift */,
				1075056C1C9115C700C9589E /* NormalImageCell.xib */,
				10D0D5CA1C4E8E260093F687 /* NormalImageTableCell.swift */,
				107505591C90255F00C9589E /* NormalImageTableCell.xib */,
				10D0D5CE1C4FC3420093F687 /* TagListCell.swift */,
				10F7DE621C7863A3002A86CA /* PCSNavigationView.swift */,
				100B202F1C887C1000435EF0 /* TypeSelectView.swift */,
				100B20311C887C2600435EF0 /* TypeSelectView.xib */,
				10DBF2091C8A5808007620BA /* DatePickerView.swift */,
				10DBF20B1C8A5817007620BA /* DatePickerView.xib */,
				10DBF2171C8C0CF7007620BA /* NormalInfoCell.swift */,
				10DBF2181C8C0CF7007620BA /* NormalInfoCell.xib */,
				100160361C8E5B7B0095D023 /* QRDownloadCell.swift */,
				107505701C914E8A00C9589E /* RecordCell.swift */,
				100691B41C93B978000AEFEA /* SimpleImageCell.swift */,
				100691B61C93B9F0000AEFEA /* CollectionViewCell.swift */,
				1091C2021CB36475005140D5 /* PhotoBrowserView.swift */,
				1091C2041CB36489005140D5 /* PhotoBrowserView.xib */,
			);
			path = Views;
			sourceTree = "<group>";
		};
		10D0D59E1C4DCA3E0093F687 /* BusinessCard */ = {
			isa = PBXGroup;
			children = (
				10F587651C90063800F2279B /* BusinessCardViewController.swift */,
			);
			path = BusinessCard;
			sourceTree = "<group>";
		};
		10D0D59F1C4DCA3E0093F687 /* CheckIn */ = {
			isa = PBXGroup;
			children = (
				10DBF2151C8C075F007620BA /* CheckInViewController.swift */,
				10DBF21D1C8D510E007620BA /* QRCodeScanViewController.swift */,
			);
			path = CheckIn;
			sourceTree = "<group>";
		};
		10D0D5A01C4DCA3E0093F687 /* Home */ = {
			isa = PBXGroup;
			children = (
				10D0D5C41C4E7F960093F687 /* HomeViewController.swift */,
				10D0D5C81C4E8A190093F687 /* PerformanceRecordsViewController.swift */,
				10D0D5D01C4FC4FF0093F687 /* PerformanceEditViewController.swift */,
				100B20371C88923600435EF0 /* GroupViewController.swift */,
				100B203D1C89222F00435EF0 /* PersonListViewController.swift */,
				10DBF20D1C8A6CBD007620BA /* VariableRecordsViewController.swift */,
				100691B21C930308000AEFEA /* VariableDetailViewController.swift */,
				107505621C906D0200C9589E /* SituationViewController.swift */,
			);
			path = Home;
			sourceTree = "<group>";
		};
		10D0D5A11C4DCA3E0093F687 /* Me */ = {
			isa = PBXGroup;
			children = (
				100160321C8D884D0095D023 /* MeViewController.swift */,
				100160341C8DB93E0095D023 /* QRCodeDownloadViewController.swift */,
				1042329A1C8E61F400809859 /* ChangePasswordViewController.swift */,
				1072E08B1C8F1BF1004DBA4D /* ChangeGestureViewController.swift */,
				10F5875A1C8F27BF00F2279B /* FeedbackViewController.swift */,
				10F5875E1C8FB1A600F2279B /* AboutViewController.swift */,
			);
			path = Me;
			sourceTree = "<group>";
		};
		10D0D5A21C4DCA3E0093F687 /* SignIn */ = {
			isa = PBXGroup;
			children = (
				10D0D5A31C4DCA5A0093F687 /* SignInViewController.swift */,
				10D0D5BA1C4E41230093F687 /* GestureLockViewController.swift */,
				10D0D5C21C4E7D710093F687 /* FindPwdViewController.swift */,
			);
			path = SignIn;
			sourceTree = "<group>";
		};
		10D0D5A51C4DCB5F0093F687 /* Utilities */ = {
			isa = PBXGroup;
			children = (
				10D0D5A61C4DCB870093F687 /* CustomObjectUtil.swift */,
				10496F381C76140C0074CFC1 /* PCSCustomUtil.swift */,
				10A686691C7DEF7400D050F0 /* GlobalUtil.swift */,
			);
			path = Utilities;
			sourceTree = "<group>";
		};
		10D0D5A81C4DEBED0093F687 /* Managers */ = {
			isa = PBXGroup;
			children = (
				10D0D5B21C4E36600093F687 /* CoreDataManager.swift */,
				10D0D5A91C4DEBFD0093F687 /* SettingsManager.swift */,
				10D0D5B81C4E37360093F687 /* AccountManager.swift */,
				10D0D5C01C4E7B160093F687 /* PCSDataManager.swift */,
			);
			path = Managers;
			sourceTree = "<group>";
		};
		10D0D5AB1C4DF5DF0093F687 /* Customs */ = {
			isa = PBXGroup;
			children = (
				1075055B1C90576C00C9589E /* UIViewController+PreloadHtml.swift */,
				100B202D1C88786700435EF0 /* UIViewController+Keyboard.swift */,
				10D0D5AC1C4DF6030093F687 /* UIViewController+AlertView.swift */,
				106C64C81C83511400E6CD95 /* PCSProtocols.swift */,
				106C64CA1C83522800E6CD95 /* WorkerHomeActionDelegate.swift */,
				1075056E1C91445700C9589E /* CongressHomeActionDelegate.swift */,
				10DBF20F1C8A8075007620BA /* ManageEditUIDelegate.swift */,
				10DBF2111C8A823C007620BA /* ManageEditUIActivityDelegate.swift */,
				100691AD1C929CA7000AEFEA /* ManageEditActivityEditDelegate.swift */,
				10DBF21B1C8D3927007620BA /* ManageEditUICheckInDelegate.swift */,
				10DBF2131C8BBDBB007620BA /* ManageUIDelegate.swift */,
				1075055D1C9057B700C9589E /* UIWebView+HtmlInteract.swift */,
				100691BF1C93C92F000AEFEA /* UIImageView+webImage.swift */,
			);
			path = Customs;
			sourceTree = "<group>";
		};
		10D0D5AE1C4E2C6A0093F687 /* HttpRequests */ = {
			isa = PBXGroup;
			children = (
				10D0D5AF1C4E2C7D0093F687 /* HttpBaseReq.swift */,
				10496F361C76012F0074CFC1 /* SignInReq.swift */,
				10F109801C8816D10083D89D /* GetActivitiesReq.swift */,
				1052428F1C9CF909005A55DC /* GetActivityDetaildReq.swift */,
				105242911C9CFEF2005A55DC /* GetActivityPersonsReq.swift */,
				10F109821C881C960083D89D /* AddActivityReq.swift */,
				100691AF1C929DA6000AEFEA /* EditActivityReq.swift */,
				100B20331C8881EF00435EF0 /* GetActivityTypesReq.swift */,
				100B203B1C88968900435EF0 /* GetGroupReq.swift */,
				100B203F1C895FC600435EF0 /* GetPersonListReq.swift */,
				10DBF2071C896ED4007620BA /* GetCongressListReq.swift */,
				100160301C8D69290095D023 /* CheckInReq.swift */,
				108965961C8F183700CA98D0 /* ChangePasswordReq.swift */,
				10F5875C1C8F928A00F2279B /* FeedbackReq.swift */,
				107505571C9021A300C9589E /* ResetPasswordReq.swift */,
				107505721C91570F00C9589E /* GetVariablesReq.swift */,
				100691C81C969C32000AEFEA /* UploadPhotoReq.swift */,
				100691CA1C96AB35000AEFEA /* AddVariableReq.swift */,
				103A9D2B1CA0F09C003576C3 /* GetVariableDetailReq.swift */,
				105C198E1C994DC700103B38 /* GetCongressInfoReq.swift */,
				105C19901C9A3E4A00103B38 /* EditVariableReq.swift */,
				10BD4DE51C9A4A14006179AB /* DeleteVariableReq.swift */,
				10BD4DE71C9A50A2006179AB /* DeletePhotoReq.swift */,
				106E0E201CA55F7F004C48C0 /* GetActivityNotifyCountReq.swift */,
				100EA8831CA819CE00C5FA59 /* GetUrlReq.swift */,
				10A6176D1CB54D2600D8EEF8 /* SubmitDeviceTokenReq.swift */,
			);
			path = HttpRequests;
			sourceTree = "<group>";
		};
		10D0D5B11C4E36350093F687 /* CoreData */ = {
			isa = PBXGroup;
			children = (
				10D0D5761C4CD1D00093F687 /* PeopleCongressSystem.xcdatamodeld */,
				10A6866B1C7DF12600D050F0 /* UserEntity+CoreDataProperties.swift */,
				10A6866C1C7DF12600D050F0 /* UserEntity.swift */,
				108496171CB3ABCF00B7BA03 /* VariableEntity+CoreDataProperties.swift */,
				108496181CB3ABCF00B7BA03 /* VariableEntity.swift */,
			);
			path = CoreData;
			sourceTree = "<group>";
		};
		788B022D8203C53FB6ACC595 /* Frameworks */ = {
			isa = PBXGroup;
			children = (
				103261211CAA81100075BBA8 /* libz.tbd */,
				1032611F1CAA810A0075BBA8 /* Security.framework */,
				1032611D1CAA81010075BBA8 /* CoreGraphics.framework */,
				1032611B1CAA80F80075BBA8 /* SystemConfiguration.framework */,
				103261191CAA80EF0075BBA8 /* CoreTelephony.framework */,
				103261171CAA80E50075BBA8 /* CoreFoundation.framework */,
				103261151CAA80C50075BBA8 /* CFNetwork.framework */,
				100691C31C969395000AEFEA /* libcommonCrypto.tbd */,
				100691C11C9658CD000AEFEA /* MobileCoreServices.framework */,
				6BCFEC37E5EA0F7BF782CCBF /* Pods_PeopleCongressSystem.framework */,
			);
			name = Frameworks;
			sourceTree = "<group>";
		};
		7F44DF50897CB1D5E2F7216F /* Pods */ = {
			isa = PBXGroup;
			children = (
				68AE91901E434A8BE22D3071 /* Pods-PeopleCongressSystem.debug.xcconfig */,
				7FC8BFEC67A9706088C1E7DA /* Pods-PeopleCongressSystem.release.xcconfig */,
			);
			name = Pods;
			sourceTree = "<group>";
		};
/* End PBXGroup section */

/* Begin PBXNativeTarget section */
		10D0D56B1C4CD1D00093F687 /* PeopleCongressSystem */ = {
			isa = PBXNativeTarget;
			buildConfigurationList = 10D0D58C1C4CD1D10093F687 /* Build configuration list for PBXNativeTarget "PeopleCongressSystem" */;
			buildPhases = (
				4BD4296E50B6FD0C21BDB389 /* Check Pods Manifest.lock */,
				10D0D5681C4CD1D00093F687 /* Sources */,
				10D0D5691C4CD1D00093F687 /* Frameworks */,
				10D0D56A1C4CD1D00093F687 /* Resources */,
				51048EFF4B9B7662D919FFB7 /* Embed Pods Frameworks */,
				86400D2EB8E0663100DC99D5 /* Copy Pods Resources */,
			);
			buildRules = (
			);
			dependencies = (
			);
			name = PeopleCongressSystem;
			productName = PeopleCongressSystem;
			productReference = 10D0D56C1C4CD1D00093F687 /* PeopleCongressSystem.app */;
			productType = "com.apple.product-type.application";
		};
		10D0D5821C4CD1D00093F687 /* PeopleCongressSystemUITests */ = {
			isa = PBXNativeTarget;
			buildConfigurationList = 10D0D58F1C4CD1D10093F687 /* Build configuration list for PBXNativeTarget "PeopleCongressSystemUITests" */;
			buildPhases = (
				10D0D57F1C4CD1D00093F687 /* Sources */,
				10D0D5801C4CD1D00093F687 /* Frameworks */,
				10D0D5811C4CD1D00093F687 /* Resources */,
			);
			buildRules = (
			);
			dependencies = (
				10D0D5851C4CD1D00093F687 /* PBXTargetDependency */,
			);
			name = PeopleCongressSystemUITests;
			productName = PeopleCongressSystemUITests;
			productReference = 10D0D5831C4CD1D00093F687 /* PeopleCongressSystemUITests.xctest */;
			productType = "com.apple.product-type.bundle.ui-testing";
		};
/* End PBXNativeTarget section */

/* Begin PBXProject section */
		10D0D5641C4CD1D00093F687 /* Project object */ = {
			isa = PBXProject;
			attributes = {
				LastSwiftUpdateCheck = 0720;
				LastUpgradeCheck = 0720;
				ORGANIZATIONNAME = CoolRabbit;
				TargetAttributes = {
					10D0D56B1C4CD1D00093F687 = {
						CreatedOnToolsVersion = 7.2;
						DevelopmentTeam = LR8TUH9QU6;
						SystemCapabilities = {
							com.apple.Push = {
								enabled = 1;
							};
						};
					};
					10D0D5821C4CD1D00093F687 = {
						CreatedOnToolsVersion = 7.2;
						TestTargetID = 10D0D56B1C4CD1D00093F687;
					};
				};
			};
			buildConfigurationList = 10D0D5671C4CD1D00093F687 /* Build configuration list for PBXProject "PeopleCongressSystem" */;
			compatibilityVersion = "Xcode 3.2";
			developmentRegion = English;
			hasScannedForEncodings = 0;
			knownRegions = (
				en,
				Base,
			);
			mainGroup = 10D0D5631C4CD1D00093F687;
			productRefGroup = 10D0D56D1C4CD1D00093F687 /* Products */;
			projectDirPath = "";
			projectRoot = "";
			targets = (
				10D0D56B1C4CD1D00093F687 /* PeopleCongressSystem */,
				10D0D5821C4CD1D00093F687 /* PeopleCongressSystemUITests */,
			);
		};
/* End PBXProject section */

/* Begin PBXResourcesBuildPhase section */
		10D0D56A1C4CD1D00093F687 /* Resources */ = {
			isa = PBXResourcesBuildPhase;
			buildActionMask = 2147483647;
			files = (
				10DBF21A1C8C0CF7007620BA /* NormalInfoCell.xib in Resources */,
				1091C2051CB36489005140D5 /* PhotoBrowserView.xib in Resources */,
				100B20321C887C2600435EF0 /* TypeSelectView.xib in Resources */,
				10D0D59B1C4CDB5A0093F687 /* CheckIn.storyboard in Resources */,
				10D0D57D1C4CD1D00093F687 /* LaunchScreen.storyboard in Resources */,
				10DBF20C1C8A5817007620BA /* DatePickerView.xib in Resources */,
				10D0D5991C4CDB330093F687 /* BusinessCard.storyboard in Resources */,
				1075055A1C90255F00C9589E /* NormalImageTableCell.xib in Resources */,
				10D0D57A1C4CD1D00093F687 /* Assets.xcassets in Resources */,
				1075056D1C9115C700C9589E /* NormalImageCell.xib in Resources */,
				10D0D5751C4CD1D00093F687 /* Main.storyboard in Resources */,
				10D0D59D1C4CDB680093F687 /* Me.storyboard in Resources */,
				10D0D5971C4CDAEA0093F687 /* Home.storyboard in Resources */,
			);
			runOnlyForDeploymentPostprocessing = 0;
		};
		10D0D5811C4CD1D00093F687 /* Resources */ = {
			isa = PBXResourcesBuildPhase;
			buildActionMask = 2147483647;
			files = (
			);
			runOnlyForDeploymentPostprocessing = 0;
		};
/* End PBXResourcesBuildPhase section */

/* Begin PBXShellScriptBuildPhase section */
		4BD4296E50B6FD0C21BDB389 /* Check Pods Manifest.lock */ = {
			isa = PBXShellScriptBuildPhase;
			buildActionMask = 2147483647;
			files = (
			);
			inputPaths = (
			);
			name = "Check Pods Manifest.lock";
			outputPaths = (
			);
			runOnlyForDeploymentPostprocessing = 0;
			shellPath = /bin/sh;
			shellScript = "diff \"${PODS_ROOT}/../Podfile.lock\" \"${PODS_ROOT}/Manifest.lock\" > /dev/null\nif [[ $? != 0 ]] ; then\n    cat << EOM\nerror: The sandbox is not in sync with the Podfile.lock. Run 'pod install' or update your CocoaPods installation.\nEOM\n    exit 1\nfi\n";
			showEnvVarsInLog = 0;
		};
		51048EFF4B9B7662D919FFB7 /* Embed Pods Frameworks */ = {
			isa = PBXShellScriptBuildPhase;
			buildActionMask = 2147483647;
			files = (
			);
			inputPaths = (
			);
			name = "Embed Pods Frameworks";
			outputPaths = (
			);
			runOnlyForDeploymentPostprocessing = 0;
			shellPath = /bin/sh;
			shellScript = "\"${SRCROOT}/Pods/Target Support Files/Pods-PeopleCongressSystem/Pods-PeopleCongressSystem-frameworks.sh\"\n";
			showEnvVarsInLog = 0;
		};
		86400D2EB8E0663100DC99D5 /* Copy Pods Resources */ = {
			isa = PBXShellScriptBuildPhase;
			buildActionMask = 2147483647;
			files = (
			);
			inputPaths = (
			);
			name = "Copy Pods Resources";
			outputPaths = (
			);
			runOnlyForDeploymentPostprocessing = 0;
			shellPath = /bin/sh;
			shellScript = "\"${SRCROOT}/Pods/Target Support Files/Pods-PeopleCongressSystem/Pods-PeopleCongressSystem-resources.sh\"\n";
			showEnvVarsInLog = 0;
		};
/* End PBXShellScriptBuildPhase section */

/* Begin PBXSourcesBuildPhase section */
		10D0D5681C4CD1D00093F687 /* Sources */ = {
			isa = PBXSourcesBuildPhase;
			buildActionMask = 2147483647;
			files = (
				10F1097F1C88156F0083D89D /* Activity.swift in Sources */,
				10BD4DE61C9A4A14006179AB /* DeleteVariableReq.swift in Sources */,
				10A6866D1C7DF12600D050F0 /* UserEntity+CoreDataProperties.swift in Sources */,
				10DBF2191C8C0CF7007620BA /* NormalInfoCell.swift in Sources */,
				10F9019E1C858B0100A4D767 /* CongressContentInfo.swift in Sources */,
				10D0D5BB1C4E41230093F687 /* GestureLockViewController.swift in Sources */,
				10F109831C881C960083D89D /* AddActivityReq.swift in Sources */,
				10D0D5CF1C4FC3420093F687 /* TagListCell.swift in Sources */,
				107505711C914E8A00C9589E /* RecordCell.swift in Sources */,
				100B20381C88923600435EF0 /* GroupViewController.swift in Sources */,
				100B20401C895FC600435EF0 /* GetPersonListReq.swift in Sources */,
				100691B71C93B9F0000AEFEA /* CollectionViewCell.swift in Sources */,
				10A6866E1C7DF12600D050F0 /* UserEntity.swift in Sources */,
				100EA8841CA819CE00C5FA59 /* GetUrlReq.swift in Sources */,
				107505731C91570F00C9589E /* GetVariablesReq.swift in Sources */,
				10DBF2101C8A8075007620BA /* ManageEditUIDelegate.swift in Sources */,
				10D0D5A41C4DCA5A0093F687 /* SignInViewController.swift in Sources */,
				100B20361C8883A700435EF0 /* PCSTypeInfo.swift in Sources */,
				1075055C1C90576C00C9589E /* UIViewController+PreloadHtml.swift in Sources */,
				100691AE1C929CA7000AEFEA /* ManageEditActivityEditDelegate.swift in Sources */,
				107505611C905FB700C9589E /* CommonHTMLViewController.swift in Sources */,
				107505581C9021A300C9589E /* ResetPasswordReq.swift in Sources */,
				10DBF21C1C8D3927007620BA /* ManageEditUICheckInDelegate.swift in Sources */,
				10DBF2121C8A823C007620BA /* ManageEditUIActivityDelegate.swift in Sources */,
				10F109851C8822A30083D89D /* Person.swift in Sources */,
				104564C81CA22C530031FFCA /* GuideViewController.swift in Sources */,
				100160311C8D69290095D023 /* CheckInReq.swift in Sources */,
				100691CB1C96AB35000AEFEA /* AddVariableReq.swift in Sources */,
				108965971C8F183700CA98D0 /* ChangePasswordReq.swift in Sources */,
				100691C01C93C92F000AEFEA /* UIImageView+webImage.swift in Sources */,
				100691B01C929DA6000AEFEA /* EditActivityReq.swift in Sources */,
				10D0D5C31C4E7D710093F687 /* FindPwdViewController.swift in Sources */,
				10D0D5951C4CD9810093F687 /* MainViewController.swift in Sources */,
				10D0D5C11C4E7B160093F687 /* PCSDataManager.swift in Sources */,
				1091C2031CB36475005140D5 /* PhotoBrowserView.swift in Sources */,
				100B20301C887C1000435EF0 /* TypeSelectView.swift in Sources */,
				100160331C8D884D0095D023 /* MeViewController.swift in Sources */,
				10D0D5C71C4E81FA0093F687 /* NormalImageCell.swift in Sources */,
				10496F391C76140C0074CFC1 /* PCSCustomUtil.swift in Sources */,
				10F5875D1C8F928A00F2279B /* FeedbackReq.swift in Sources */,
				10D0D5AA1C4DEBFD0093F687 /* SettingsManager.swift in Sources */,
				1072E08C1C8F1BF1004DBA4D /* ChangeGestureViewController.swift in Sources */,
				100691B31C930308000AEFEA /* VariableDetailViewController.swift in Sources */,
				10496F371C76012F0074CFC1 /* SignInReq.swift in Sources */,
				10D0D5781C4CD1D00093F687 /* PeopleCongressSystem.xcdatamodeld in Sources */,
				10F587661C90063800F2279B /* BusinessCardViewController.swift in Sources */,
				1075056F1C91445700C9589E /* CongressHomeActionDelegate.swift in Sources */,
				10D0D5D11C4FC4FF0093F687 /* PerformanceEditViewController.swift in Sources */,
				100B203A1C8894CA00435EF0 /* Group.swift in Sources */,
				108496191CB3ABCF00B7BA03 /* VariableEntity+CoreDataProperties.swift in Sources */,
				10DBF20E1C8A6CBD007620BA /* VariableRecordsViewController.swift in Sources */,
				100B202E1C88786700435EF0 /* UIViewController+Keyboard.swift in Sources */,
				106C64CD1C84070A00E6CD95 /* PCSDefines.swift in Sources */,
				10D0D5AD1C4DF6030093F687 /* UIViewController+AlertView.swift in Sources */,
				1042329B1C8E61F400809859 /* ChangePasswordViewController.swift in Sources */,
				100B20341C8881EF00435EF0 /* GetActivityTypesReq.swift in Sources */,
				10A686731C7DF8D000D050F0 /* WorkerContentInfo.swift in Sources */,
				106C64CB1C83522800E6CD95 /* WorkerHomeActionDelegate.swift in Sources */,
				100160351C8DB93E0095D023 /* QRCodeDownloadViewController.swift in Sources */,
				10DBF20A1C8A5808007620BA /* DatePickerView.swift in Sources */,
				105C19911C9A3E4A00103B38 /* EditVariableReq.swift in Sources */,
				105C198F1C994DC700103B38 /* GetCongressInfoReq.swift in Sources */,
				10A6176E1CB54D2600D8EEF8 /* SubmitDeviceTokenReq.swift in Sources */,
				107505751C915C9E00C9589E /* Variable.swift in Sources */,
				10A6866A1C7DEF7400D050F0 /* GlobalUtil.swift in Sources */,
				103A9D2C1CA0F09C003576C3 /* GetVariableDetailReq.swift in Sources */,
				10D0D5A71C4DCB870093F687 /* CustomObjectUtil.swift in Sources */,
				10D0D5C91C4E8A190093F687 /* PerformanceRecordsViewController.swift in Sources */,
				10BD4DE81C9A50A2006179AB /* DeletePhotoReq.swift in Sources */,
				100B203E1C89222F00435EF0 /* PersonListViewController.swift in Sources */,
				105242921C9CFEF2005A55DC /* GetActivityPersonsReq.swift in Sources */,
				1075055E1C9057B700C9589E /* UIWebView+HtmlInteract.swift in Sources */,
				107505631C906D0200C9589E /* SituationViewController.swift in Sources */,
				105242901C9CF909005A55DC /* GetActivityDetaildReq.swift in Sources */,
				106C64C91C83511400E6CD95 /* PCSProtocols.swift in Sources */,
				10DBF2161C8C075F007620BA /* CheckInViewController.swift in Sources */,
				100B203C1C88968900435EF0 /* GetGroupReq.swift in Sources */,
				10D0D5C51C4E7F960093F687 /* HomeViewController.swift in Sources */,
				10F7DE631C7863A3002A86CA /* PCSNavigationView.swift in Sources */,
				100691C91C969C32000AEFEA /* UploadPhotoReq.swift in Sources */,
				10D0D5D31C4FDB440093F687 /* CustomNavigationView.swift in Sources */,
				106E0E211CA55F7F004C48C0 /* GetActivityNotifyCountReq.swift in Sources */,
				10F109811C8816D10083D89D /* GetActivitiesReq.swift in Sources */,
				1084961A1CB3ABCF00B7BA03 /* VariableEntity.swift in Sources */,
				10F5875B1C8F27BF00F2279B /* FeedbackViewController.swift in Sources */,
				100160371C8E5B7B0095D023 /* QRDownloadCell.swift in Sources */,
				10D0D5B31C4E36600093F687 /* CoreDataManager.swift in Sources */,
				10A686711C7DF7A200D050F0 /* ContentInfo.swift in Sources */,
				10DBF21E1C8D510E007620BA /* QRCodeScanViewController.swift in Sources */,
				10D0D5701C4CD1D00093F687 /* AppDelegate.swift in Sources */,
				10D0D5B01C4E2C7D0093F687 /* HttpBaseReq.swift in Sources */,
				10DBF2141C8BBDBB007620BA /* ManageUIDelegate.swift in Sources */,
				10D0D5B91C4E37360093F687 /* AccountManager.swift in Sources */,
				10D0D5CB1C4E8E260093F687 /* NormalImageTableCell.swift in Sources */,
				100691B51C93B978000AEFEA /* SimpleImageCell.swift in Sources */,
				10F5875F1C8FB1A600F2279B /* AboutViewController.swift in Sources */,
				10DBF2081C896ED4007620BA /* GetCongressListReq.swift in Sources */,
			);
			runOnlyForDeploymentPostprocessing = 0;
		};
		10D0D57F1C4CD1D00093F687 /* Sources */ = {
			isa = PBXSourcesBuildPhase;
			buildActionMask = 2147483647;
			files = (
				10D0D5881C4CD1D00093F687 /* PeopleCongressSystemUITests.swift in Sources */,
			);
			runOnlyForDeploymentPostprocessing = 0;
		};
/* End PBXSourcesBuildPhase section */

/* Begin PBXTargetDependency section */
		10D0D5851C4CD1D00093F687 /* PBXTargetDependency */ = {
			isa = PBXTargetDependency;
			target = 10D0D56B1C4CD1D00093F687 /* PeopleCongressSystem */;
			targetProxy = 10D0D5841C4CD1D00093F687 /* PBXContainerItemProxy */;
		};
/* End PBXTargetDependency section */

/* Begin PBXVariantGroup section */
		10D0D5731C4CD1D00093F687 /* Main.storyboard */ = {
			isa = PBXVariantGroup;
			children = (
				10D0D5741C4CD1D00093F687 /* Base */,
			);
			name = Main.storyboard;
			path = ..;
			sourceTree = "<group>";
		};
		10D0D57B1C4CD1D00093F687 /* LaunchScreen.storyboard */ = {
			isa = PBXVariantGroup;
			children = (
				10D0D57C1C4CD1D00093F687 /* Base */,
			);
			name = LaunchScreen.storyboard;
			sourceTree = "<group>";
		};
/* End PBXVariantGroup section */

/* Begin XCBuildConfiguration section */
		10D0D58A1C4CD1D10093F687 /* Debug */ = {
			isa = XCBuildConfiguration;
			buildSettings = {
				ALWAYS_SEARCH_USER_PATHS = NO;
				CLANG_CXX_LANGUAGE_STANDARD = "gnu++0x";
				CLANG_CXX_LIBRARY = "libc++";
				CLANG_ENABLE_MODULES = YES;
				CLANG_ENABLE_OBJC_ARC = YES;
				CLANG_WARN_BOOL_CONVERSION = YES;
				CLANG_WARN_CONSTANT_CONVERSION = YES;
				CLANG_WARN_DIRECT_OBJC_ISA_USAGE = YES_ERROR;
				CLANG_WARN_EMPTY_BODY = YES;
				CLANG_WARN_ENUM_CONVERSION = YES;
				CLANG_WARN_INT_CONVERSION = YES;
				CLANG_WARN_OBJC_ROOT_CLASS = YES_ERROR;
				CLANG_WARN_UNREACHABLE_CODE = YES;
				CLANG_WARN__DUPLICATE_METHOD_MATCH = YES;
				"CODE_SIGN_IDENTITY[sdk=iphoneos*]" = "iPhone Developer";
				COPY_PHASE_STRIP = NO;
				DEBUG_INFORMATION_FORMAT = dwarf;
				ENABLE_STRICT_OBJC_MSGSEND = YES;
				ENABLE_TESTABILITY = YES;
				GCC_C_LANGUAGE_STANDARD = gnu99;
				GCC_DYNAMIC_NO_PIC = NO;
				GCC_NO_COMMON_BLOCKS = YES;
				GCC_OPTIMIZATION_LEVEL = 0;
				GCC_PREPROCESSOR_DEFINITIONS = (
					"DEBUG=1",
					"$(inherited)",
				);
				GCC_WARN_64_TO_32_BIT_CONVERSION = YES;
				GCC_WARN_ABOUT_RETURN_TYPE = YES_ERROR;
				GCC_WARN_UNDECLARED_SELECTOR = YES;
				GCC_WARN_UNINITIALIZED_AUTOS = YES_AGGRESSIVE;
				GCC_WARN_UNUSED_FUNCTION = YES;
				GCC_WARN_UNUSED_VARIABLE = YES;
				IPHONEOS_DEPLOYMENT_TARGET = 9.2;
				MTL_ENABLE_DEBUG_INFO = YES;
				ONLY_ACTIVE_ARCH = YES;
				SDKROOT = iphoneos;
				SWIFT_OPTIMIZATION_LEVEL = "-Onone";
			};
			name = Debug;
		};
		10D0D58B1C4CD1D10093F687 /* Release */ = {
			isa = XCBuildConfiguration;
			buildSettings = {
				ALWAYS_SEARCH_USER_PATHS = NO;
				CLANG_CXX_LANGUAGE_STANDARD = "gnu++0x";
				CLANG_CXX_LIBRARY = "libc++";
				CLANG_ENABLE_MODULES = YES;
				CLANG_ENABLE_OBJC_ARC = YES;
				CLANG_WARN_BOOL_CONVERSION = YES;
				CLANG_WARN_CONSTANT_CONVERSION = YES;
				CLANG_WARN_DIRECT_OBJC_ISA_USAGE = YES_ERROR;
				CLANG_WARN_EMPTY_BODY = YES;
				CLANG_WARN_ENUM_CONVERSION = YES;
				CLANG_WARN_INT_CONVERSION = YES;
				CLANG_WARN_OBJC_ROOT_CLASS = YES_ERROR;
				CLANG_WARN_UNREACHABLE_CODE = YES;
				CLANG_WARN__DUPLICATE_METHOD_MATCH = YES;
				"CODE_SIGN_IDENTITY[sdk=iphoneos*]" = "iPhone Developer";
				COPY_PHASE_STRIP = NO;
				DEBUG_INFORMATION_FORMAT = "dwarf-with-dsym";
				ENABLE_NS_ASSERTIONS = NO;
				ENABLE_STRICT_OBJC_MSGSEND = YES;
				GCC_C_LANGUAGE_STANDARD = gnu99;
				GCC_NO_COMMON_BLOCKS = YES;
				GCC_WARN_64_TO_32_BIT_CONVERSION = YES;
				GCC_WARN_ABOUT_RETURN_TYPE = YES_ERROR;
				GCC_WARN_UNDECLARED_SELECTOR = YES;
				GCC_WARN_UNINITIALIZED_AUTOS = YES_AGGRESSIVE;
				GCC_WARN_UNUSED_FUNCTION = YES;
				GCC_WARN_UNUSED_VARIABLE = YES;
				IPHONEOS_DEPLOYMENT_TARGET = 9.2;
				MTL_ENABLE_DEBUG_INFO = NO;
				SDKROOT = iphoneos;
				VALIDATE_PRODUCT = YES;
			};
			name = Release;
		};
		10D0D58D1C4CD1D10093F687 /* Debug */ = {
			isa = XCBuildConfiguration;
			baseConfigurationReference = 68AE91901E434A8BE22D3071 /* Pods-PeopleCongressSystem.debug.xcconfig */;
			buildSettings = {
				ASSETCATALOG_COMPILER_APPICON_NAME = AppIcon;
				CLANG_ENABLE_MODULES = YES;
				CODE_SIGN_IDENTITY = "iPhone Distribution";
				INFOPLIST_FILE = PeopleCongressSystem/Info.plist;
				IPHONEOS_DEPLOYMENT_TARGET = 8.0;
				LD_RUNPATH_SEARCH_PATHS = "$(inherited) @executable_path/Frameworks";
				LIBRARY_SEARCH_PATHS = (
					"$(inherited)",
					"$(SDKROOT)/usr/lib/system",
					"$(PROJECT_DIR)/PeopleCongressSystem/ThirdPartys/JPush",
				);
				PRODUCT_BUNDLE_IDENTIFIER = com.npc.pcsystem;
				PRODUCT_NAME = "$(TARGET_NAME)";
				SWIFT_OBJC_BRIDGING_HEADER = "PeopleCongressSystem/PeopleCongressSystem-Bridging-Header.h";
				SWIFT_OPTIMIZATION_LEVEL = "-Onone";
			};
			name = Debug;
		};
		10D0D58E1C4CD1D10093F687 /* Release */ = {
			isa = XCBuildConfiguration;
			baseConfigurationReference = 7FC8BFEC67A9706088C1E7DA /* Pods-PeopleCongressSystem.release.xcconfig */;
			buildSettings = {
				ASSETCATALOG_COMPILER_APPICON_NAME = AppIcon;
				CLANG_ENABLE_MODULES = YES;
				CODE_SIGN_IDENTITY = "iPhone Distribution";
				INFOPLIST_FILE = PeopleCongressSystem/Info.plist;
				IPHONEOS_DEPLOYMENT_TARGET = 8.0;
				LD_RUNPATH_SEARCH_PATHS = "$(inherited) @executable_path/Frameworks";
				LIBRARY_SEARCH_PATHS = (
					"$(inherited)",
					"$(SDKROOT)/usr/lib/system",
					"$(PROJECT_DIR)/PeopleCongressSystem/ThirdPartys/JPush",
				);
				PRODUCT_BUNDLE_IDENTIFIER = com.npc.pcsystem;
				PRODUCT_NAME = "$(TARGET_NAME)";
				SWIFT_OBJC_BRIDGING_HEADER = "PeopleCongressSystem/PeopleCongressSystem-Bridging-Header.h";
			};
			name = Release;
		};
		10D0D5901C4CD1D10093F687 /* Debug */ = {
			isa = XCBuildConfiguration;
			buildSettings = {
				INFOPLIST_FILE = PeopleCongressSystemUITests/Info.plist;
				LD_RUNPATH_SEARCH_PATHS = "$(inherited) @executable_path/Frameworks @loader_path/Frameworks";
				PRODUCT_BUNDLE_IDENTIFIER = com.coolrabbit.PeopleCongressSystemUITests;
				PRODUCT_NAME = "$(TARGET_NAME)";
				TEST_TARGET_NAME = PeopleCongressSystem;
				USES_XCTRUNNER = YES;
			};
			name = Debug;
		};
		10D0D5911C4CD1D10093F687 /* Release */ = {
			isa = XCBuildConfiguration;
			buildSettings = {
				INFOPLIST_FILE = PeopleCongressSystemUITests/Info.plist;
				LD_RUNPATH_SEARCH_PATHS = "$(inherited) @executable_path/Frameworks @loader_path/Frameworks";
				PRODUCT_BUNDLE_IDENTIFIER = com.coolrabbit.PeopleCongressSystemUITests;
				PRODUCT_NAME = "$(TARGET_NAME)";
				TEST_TARGET_NAME = PeopleCongressSystem;
				USES_XCTRUNNER = YES;
			};
			name = Release;
		};
/* End XCBuildConfiguration section */

/* Begin XCConfigurationList section */
		10D0D5671C4CD1D00093F687 /* Build configuration list for PBXProject "PeopleCongressSystem" */ = {
			isa = XCConfigurationList;
			buildConfigurations = (
				10D0D58A1C4CD1D10093F687 /* Debug */,
				10D0D58B1C4CD1D10093F687 /* Release */,
			);
			defaultConfigurationIsVisible = 0;
			defaultConfigurationName = Release;
		};
		10D0D58C1C4CD1D10093F687 /* Build configuration list for PBXNativeTarget "PeopleCongressSystem" */ = {
			isa = XCConfigurationList;
			buildConfigurations = (
				10D0D58D1C4CD1D10093F687 /* Debug */,
				10D0D58E1C4CD1D10093F687 /* Release */,
			);
			defaultConfigurationIsVisible = 0;
			defaultConfigurationName = Release;
		};
		10D0D58F1C4CD1D10093F687 /* Build configuration list for PBXNativeTarget "PeopleCongressSystemUITests" */ = {
			isa = XCConfigurationList;
			buildConfigurations = (
				10D0D5901C4CD1D10093F687 /* Debug */,
				10D0D5911C4CD1D10093F687 /* Release */,
			);
			defaultConfigurationIsVisible = 0;
			defaultConfigurationName = Release;
		};
/* End XCConfigurationList section */

/* Begin XCVersionGroup section */
		10D0D5761C4CD1D00093F687 /* PeopleCongressSystem.xcdatamodeld */ = {
			isa = XCVersionGroup;
			children = (
				10D0D5771C4CD1D00093F687 /* PeopleCongressSystem.xcdatamodel */,
			);
			currentVersion = 10D0D5771C4CD1D00093F687 /* PeopleCongressSystem.xcdatamodel */;
			name = PeopleCongressSystem.xcdatamodeld;
			path = ../PeopleCongressSystem.xcdatamodeld;
			sourceTree = "<group>";
			versionGroupType = wrapper.xcdatamodel;
		};
/* End XCVersionGroup section */
	};
	rootObject = 10D0D5641C4CD1D00093F687 /* Project object */;
}
